# THIS IS AN AUTOGENERATED FILE. DO NOT EDIT THIS FILE DIRECTLY.
# yarn lockfile v1


"@pnpm.e2e/dep-of-pkg-with-1-dep@^100.0.0":
  version "100.0.0"
  resolved "http://localhost:4873/@pnpm.e2e%2fdep-of-pkg-with-1-dep/-/dep-of-pkg-with-1-dep-100.0.0.tgz#a95f834b4a4d9661623a0cf2bd76acbc213192fc"
  integrity sha512-KUmwlEiE3pzpmPCfrLkoOO7fmL4Tft+dcm6YQlUfOUJvHO73xlcKVoA/xOHP/ayUO8GiPlIqWRbKHrsxvXGE8g==

"@pnpm.e2e/pkg-with-1-dep@*":
  version "100.0.0"
  resolved "http://localhost:4873/@pnpm.e2e%2fpkg-with-1-dep/-/pkg-with-1-dep-100.0.0.tgz#2845d276feb3153c4abc107728ddbe0f7ce75a45"
  integrity sha512-tZBohBD7WeOtm0hBUQl0FlPvuTwyrdSn2V45P4jd2arjwKxM5YULEAtD1J42bKuEOJls4vS4/1v3lgS8qTfA2Q==
  dependencies:
    "@pnpm.e2e/dep-of-pkg-with-1-dep" "^100.0.0"
