# THIS IS AN AUTOGENERATED FILE. DO NOT EDIT THIS FILE DIRECTLY.
# yarn lockfile v1


dep-of-pkg-with-1-dep@^1.0.0, dep-of-pkg-with-1-dep@^101.0.0:
  version "1.1.0"
  resolved "https://registry.nlark.com/dep-of-pkg-with-1-dep/download/dep-of-pkg-with-1-dep-1.1.0.tgz#67d3ac196cb08162e543b87b3b1829c76072c927"
  integrity sha1-Z9OsGWywgWLlQ7h7Oxgpx2ByySc=

pkg-with-1-dep@*:
  version "1.0.0"
  resolved "https://registry.nlark.com/pkg-with-1-dep/download/pkg-with-1-dep-1.0.0.tgz#0d4ed129376f707bac0bf5f6a58410f663e27c80"
  integrity sha1-DU7RKTdvcHusC/X2pYQQ9mPifIA=
  dependencies:
    dep-of-pkg-with-1-dep "^1.0.0"
