# THIS IS AN AUTOGENERATED FILE. DO NOT EDIT THIS FILE DIRECTLY.
# yarn lockfile v1


dep-of-pkg-with-1-dep@^100.0.0:
  version "100.0.0"
  resolved "https://registry.nlark.com/dep-of-pkg-with-1-dep/-/dep-of-pkg-with-1-dep-100.0.0.tgz#600117cbae0b97475382c8f20be93bba066eee0f"
  integrity sha512-SHFc2UqTM7Vkk6n1stpLu3xRIBJniuiHhByk2ZXJ9RGepHH6WUbRlxRvhGPpIVYfcvtcag9NGPtoS/zTN2fnjA==

dep-of-pkg-with-1-dep@^101.0.0:
  version "101.0.0"
  resolved "https://registry.nlark.com/dep-of-pkg-with-1-dep/-/dep-of-pkg-with-1-dep-101.0.0.tgz#3214a596874c093513f10766033112e05839fe7f"
  integrity sha512-t0/gFM29VnZhyyDu0ay/u42e8tPi2lkJtdbBXdUujfFFeXxvSJXISpddbVRwjNkKSX6fUROMek29b9b+MqYDxA==

pkg-with-1-dep@*:
  version "100.0.0"
  resolved "https://registry.nlark.com//pkg-with-1-dep/-/pkg-with-1-dep-100.0.0.tgz#f9c80ee6812936d4b03ac6b48efbfdd8e73f2fe3"
  integrity sha512-bHk+igB6Ppk2c7HAx9P+OEVgu1jnC+3Hd5quMRnie3xbjknsToNrA45zriVW/FW77AeFFqtP9WbwoeWd/msVMw==
  dependencies:
    dep-of-pkg-with-1-dep "^100.0.0"
