lockfileVersion: '9.0'

settings:
  autoInstallPeers: true
  excludeLinksFromLockfile: false

importers:

  .:
    dependencies:
      is-bigint:
        specifier: 1.0.3
        version: 1.0.3

packages:

  is-bigint@1.0.3:
    resolution: {integrity: sha512-ZU538ajmYJmzysE5yU4Y7uIrPQ2j704u+hXFiIPQExpqzzUbpe5jCPdTfmz7jXRxZdvjY3KZ3ZNenoXQovX+Dg==}

snapshots:

  is-bigint@1.0.3: {}
