lockfileVersion: 5.4

specifiers:
  next: ^13.0.0
  typescript: ^4.8.4

dependencies:
  next: 13.0.1

devDependencies:
  typescript: 4.8.4

packages:

  /@next/env/13.0.1:
    resolution: {integrity: sha512-gK60YoFae3s8qi5UgIzbvxOhsh5gKyEaiKH5+kLBUYXLlrPyWJR2xKBj2WqvHkO7wDX7/Hed3DAqjSpU4ijIvQ==}
    dev: false

  /@next/swc-android-arm-eabi/13.0.1:
    resolution: {integrity: sha512-M28QSbohZlNXNn//HY6lV2T3YaMzG58Jwr0YwOdVmOQv6i+7lu6xe3GqQu4kdqInqhLrBXnL+nabFuGTVSHtTg==}
    engines: {node: '>= 10'}
    cpu: [arm]
    os: [android]
    requiresBuild: true
    dev: false
    optional: true

  /@next/swc-android-arm64/13.0.1:
    resolution: {integrity: sha512-szmO/i6GoHcPXcbhUKhwBMETWHNXH3ITz9wfxwOOFBNKdDU8pjKsHL88lg28aOiQYZSU1sxu1v1p9KY5kJIZCg==}
    engines: {node: '>= 10'}
    cpu: [arm64]
    os: [android]
    requiresBuild: true
    dev: false
    optional: true

  /@next/swc-darwin-arm64/13.0.1:
    resolution: {integrity: sha512-O1RxCaiDNOjGZmdAp6SQoHUITt9aVDQXoR3lZ/TloI/NKRAyAV4u0KUUofK+KaZeHOmVTnPUaQuCyZSc3i1x5Q==}
    engines: {node: '>= 10'}
    cpu: [arm64]
    os: [darwin]
    requiresBuild: true
    dev: false
    optional: true

  /@next/swc-darwin-x64/13.0.1:
    resolution: {integrity: sha512-8E6BY/VO+QqQkthhoWgB8mJMw1NcN9Vhl2OwEwxv8jy2r3zjeU+WNRxz4y8RLbcY0R1h+vHlXuP0mLnuac84tQ==}
    engines: {node: '>= 10'}
    cpu: [x64]
    os: [darwin]
    requiresBuild: true
    dev: false
    optional: true

  /@next/swc-freebsd-x64/13.0.1:
    resolution: {integrity: sha512-ocwoOxm2KVwF50RyoAT+2RQPLlkyoF7sAqzMUVgj+S6+DTkY3iwH+Zpo0XAk2pnqT9qguOrKnEpq9EIx//+K7Q==}
    engines: {node: '>= 10'}
    cpu: [x64]
    os: [freebsd]
    requiresBuild: true
    dev: false
    optional: true

  /@next/swc-linux-arm-gnueabihf/13.0.1:
    resolution: {integrity: sha512-yO7e3zITfGol/N6lPQnmIRi0WyuILBMXrvH6EdmWzzqMDJFfTCII6l+B6gMO5WVDCTQUGQlQRNZ7sFqWR4I71g==}
    engines: {node: '>= 10'}
    cpu: [arm]
    os: [linux]
    requiresBuild: true
    dev: false
    optional: true

  /@next/swc-linux-arm64-gnu/13.0.1:
    resolution: {integrity: sha512-OEs6WDPDI8RyM8SjOqTDMqMBfOlU97VnW6ZMXUvzUTyH0K9c7NF+cn7UMu+I4tKFN0uJ9WQs/6TYaFBGkgoVVA==}
    engines: {node: '>= 10'}
    cpu: [arm64]
    os: [linux]
    requiresBuild: true
    dev: false
    optional: true

  /@next/swc-linux-arm64-musl/13.0.1:
    resolution: {integrity: sha512-y5ypFK0Y3urZSFoQxbtDqvKsBx026sz+Fm+xHlPWlGHNZrbs3Q812iONjcZTo09QwRMk5X86iMWBRxV18xMhaw==}
    engines: {node: '>= 10'}
    cpu: [arm64]
    os: [linux]
    requiresBuild: true
    dev: false
    optional: true

  /@next/swc-linux-x64-gnu/13.0.1:
    resolution: {integrity: sha512-XDIHEE6SU8VCF+dUVntD6PDv6RK31N0forx9kucZBYirbe8vCZ+Yx8hYgvtIaGrTcWtGxibxmND0pIuHDq8H5g==}
    engines: {node: '>= 10'}
    cpu: [x64]
    os: [linux]
    requiresBuild: true
    dev: false
    optional: true

  /@next/swc-linux-x64-musl/13.0.1:
    resolution: {integrity: sha512-yxIOuuz5EOx0F1FDtsyzaLgnDym0Ysxv8CWeJyDTKKmt9BVyITg6q/cD+RP9bEkT1TQi+PYXIMATSz675Q82xw==}
    engines: {node: '>= 10'}
    cpu: [x64]
    os: [linux]
    requiresBuild: true
    dev: false
    optional: true

  /@next/swc-win32-arm64-msvc/13.0.1:
    resolution: {integrity: sha512-+ucLe2qgQzP+FM94jD4ns6LDGyMFaX9k3lVHqu/tsQCy2giMymbport4y4p77mYcXEMlDaHMzlHgOQyHRniWFA==}
    engines: {node: '>= 10'}
    cpu: [arm64]
    os: [win32]
    requiresBuild: true
    dev: false
    optional: true

  /@next/swc-win32-ia32-msvc/13.0.1:
    resolution: {integrity: sha512-Krr/qGN7OB35oZuvMAZKoXDt2IapynIWLh5A5rz6AODb7f/ZJqyAuZSK12vOa2zKdobS36Qm4IlxxBqn9c00MA==}
    engines: {node: '>= 10'}
    cpu: [ia32]
    os: [win32]
    requiresBuild: true
    dev: false
    optional: true

  /@next/swc-win32-x64-msvc/13.0.1:
    resolution: {integrity: sha512-t/0G33t/6VGWZUGCOT7rG42qqvf/x+MrFp1CU+8CN6PrjSSL57R5bqkXfubV9t4eCEnUxVP+5Hn3MoEXEebtEw==}
    engines: {node: '>= 10'}
    cpu: [x64]
    os: [win32]
    requiresBuild: true
    dev: false
    optional: true

  /@swc/helpers/0.4.11:
    resolution: {integrity: sha512-rEUrBSGIoSFuYxwBYtlUFMlE2CwGhmW+w9355/5oduSw8e5h2+Tj4UrAGNNgP9915++wj5vkQo0UuOBqOAq4nw==}
    dependencies:
      tslib: 2.4.1
    dev: false

  /caniuse-lite/1.0.30001429:
    resolution: {integrity: sha512-511ThLu1hF+5RRRt0zYCf2U2yRr9GPF6m5y90SBCWsvSoYoW7yAGlv/elyPaNfvGCkp6kj/KFZWU0BMA69Prsg==}
    dev: false

  /client-only/0.0.1:
    resolution: {integrity: sha512-IV3Ou0jSMzZrd3pZ48nLkT9DA7Ag1pnPzaiQhpW7c3RbcqqzvzzVu+L8gfqMp/8IM2MQtSiqaCxrrcfu8I8rMA==}
    dev: false

  /nanoid/3.3.4:
    resolution: {integrity: sha512-MqBkQh/OHTS2egovRtLk45wEyNXwF+cokD+1YPf9u5VfJiRdAiRwB2froX5Co9Rh20xs4siNPm8naNotSD6RBw==}
    engines: {node: ^10 || ^12 || ^13.7 || ^14 || >=15.0.1}
    hasBin: true
    dev: false

  /next/13.0.1:
    resolution: {integrity: sha512-ErCNBPIeZMKFn6hX+ZBSlqZVgJIeitEqhGTuQUNmYXJ07/A71DZ7AJI8eyHYUdBb686LUpV1/oBdTq9RpzRVPg==}
    engines: {node: '>=14.6.0'}
    hasBin: true
    peerDependencies:
      fibers: '>= 3.1.0'
      node-sass: ^6.0.0 || ^7.0.0
      react: ^18.2.0
      react-dom: ^18.2.0
      sass: ^1.3.0
    peerDependenciesMeta:
      fibers:
        optional: true
      node-sass:
        optional: true
      sass:
        optional: true
    dependencies:
      '@next/env': 13.0.1
      '@swc/helpers': 0.4.11
      caniuse-lite: 1.0.30001429
      postcss: 8.4.14
      styled-jsx: 5.1.0
      use-sync-external-store: 1.2.0
    optionalDependencies:
      '@next/swc-android-arm-eabi': 13.0.1
      '@next/swc-android-arm64': 13.0.1
      '@next/swc-darwin-arm64': 13.0.1
      '@next/swc-darwin-x64': 13.0.1
      '@next/swc-freebsd-x64': 13.0.1
      '@next/swc-linux-arm-gnueabihf': 13.0.1
      '@next/swc-linux-arm64-gnu': 13.0.1
      '@next/swc-linux-arm64-musl': 13.0.1
      '@next/swc-linux-x64-gnu': 13.0.1
      '@next/swc-linux-x64-musl': 13.0.1
      '@next/swc-win32-arm64-msvc': 13.0.1
      '@next/swc-win32-ia32-msvc': 13.0.1
      '@next/swc-win32-x64-msvc': 13.0.1
    transitivePeerDependencies:
      - '@babel/core'
      - babel-plugin-macros
    dev: false

  /picocolors/1.0.0:
    resolution: {integrity: sha512-1fygroTLlHu66zi26VoTDv8yRgm0Fccecssto+MhsZ0D/DGW2sm8E8AjW7NU5VVTRt5GxbeZ5qBuJr+HyLYkjQ==}
    dev: false

  /postcss/8.4.14:
    resolution: {integrity: sha512-E398TUmfAYFPBSdzgeieK2Y1+1cpdxJx8yXbK/m57nRhKSmk1GB2tO4lbLBtlkfPQTDKfe4Xqv1ASWPpayPEig==}
    engines: {node: ^10 || ^12 || >=14}
    dependencies:
      nanoid: 3.3.4
      picocolors: 1.0.0
      source-map-js: 1.0.2
    dev: false

  /source-map-js/1.0.2:
    resolution: {integrity: sha512-R0XvVJ9WusLiqTCEiGCmICCMplcCkIwwR11mOSD9CR5u+IXYdiseeEuXCVAjS54zqwkLcPNnmU4OeJ6tUrWhDw==}
    engines: {node: '>=0.10.0'}
    dev: false

  /styled-jsx/5.1.0:
    resolution: {integrity: sha512-/iHaRJt9U7T+5tp6TRelLnqBqiaIT0HsO0+vgyj8hK2KUk7aejFqRrumqPUlAqDwAj8IbS/1hk3IhBAAK/FCUQ==}
    engines: {node: '>= 12.0.0'}
    peerDependencies:
      '@babel/core': '*'
      babel-plugin-macros: '*'
      react: '>= 16.8.0 || 17.x.x || ^18.0.0-0'
    peerDependenciesMeta:
      '@babel/core':
        optional: true
      babel-plugin-macros:
        optional: true
    dependencies:
      client-only: 0.0.1
    dev: false

  /tslib/2.4.1:
    resolution: {integrity: sha512-tGyy4dAjRIEwI7BzsB0lynWgOpfqjUdq91XXAlIWD2OwKBH7oCl/GZG/HT4BOHrTlPMOASlMQ7veyTqpmRcrNA==}
    dev: false

  /typescript/4.8.4:
    resolution: {integrity: sha512-QCh+85mCy+h0IGff8r5XWzOVSbBO+KfeYrMQh7NJ58QujwcE22u+NUSmUxqF+un70P9GXKxa2HCNiTTMJknyjQ==}
    engines: {node: '>=4.2.0'}
    hasBin: true
    dev: true

  /use-sync-external-store/1.2.0:
    resolution: {integrity: sha512-eEgnFxGQ1Ife9bzYs6VLi8/4X6CObHMw9Qr9tPY43iKwsPw8xE8+EFsf/2cFZ5S3esXgpWgtSCtLNS41F+sKPA==}
    peerDependencies:
      react: ^16.8.0 || ^17.0.0 || ^18.0.0
    dev: false
