lockfileVersion: '7.0'

settings:
  autoInstallPeers: true
  excludeLinksFromLockfile: false

importers:

  .:
    dependencies:
      ajv-keywords:
        specifier: github:ajv-validator/ajv-keywords
        version: https://codeload.github.com/ajv-validator/ajv-keywords/tar.gz/a11389b4d1934d360fb2a24dd920ec597295c8fc(ajv@8.12.0)

packages:

  ajv-keywords@https://codeload.github.com/ajv-validator/ajv-keywords/tar.gz/a11389b4d1934d360fb2a24dd920ec597295c8fc:
    resolution: {tarball: https://codeload.github.com/ajv-validator/ajv-keywords/tar.gz/a11389b4d1934d360fb2a24dd920ec597295c8fc}
    version: 5.1.0
    peerDependencies:
      ajv: ^8.8.2

  ajv@8.12.0:
    resolution: {integrity: sha512-sRu1kpcO9yLtYxBKvqfTeh9KzZEwO3STyX1HT+4CaDzC6HpTGYhIhPIzj9XuKU7KYDwnaeh5hcOwjy1QuJzBPA==}

  fast-deep-equal@3.1.3:
    resolution: {integrity: sha512-f3qQ9oQy9j2AhBe/H9VC91wLmKBCCU/gDOnKNAYG5hswO7BLKj09Hc5HYNz9cGI++xlpDCIgDaitVs03ATR84Q==}

  json-schema-traverse@1.0.0:
    resolution: {integrity: sha512-NM8/P9n3XjXhIZn1lLhkFaACTOURQXjWhV4BA/RnOv8xvgqtqpAX9IO4mRQxSx1Rlo4tqzeqb0sOlruaOy3dug==}

  punycode@2.3.1:
    resolution: {integrity: sha512-vYt7UD1U9Wg6138shLtLOvdAu+8DsC/ilFtEVHcH+wydcSpNE20AfSOduf6MkRFahL5FY7X1oU7nKVZFtfq8Fg==}
    engines: {node: '>=6'}

  require-from-string@2.0.2:
    resolution: {integrity: sha512-Xf0nWe6RseziFMu+Ap9biiUbmplq6S9/p+7w7YXP/JBHhrUDDUhwa+vANyubuqfZWTveU//DYVGsDG7RKL/vEw==}
    engines: {node: '>=0.10.0'}

  uri-js@4.4.1:
    resolution: {integrity: sha512-7rKUyy33Q1yc98pQ1DAmLtwX109F7TIfWlW1Ydo8Wl1ii1SeHieeh0HHfPeL2fMXK6z0s8ecKs9frCuLJvndBg==}

snapshots:

  ajv-keywords@https://codeload.github.com/ajv-validator/ajv-keywords/tar.gz/a11389b4d1934d360fb2a24dd920ec597295c8fc(ajv@8.12.0):
    dependencies:
      ajv: 8.12.0
      fast-deep-equal: 3.1.3
    dev: false

  ajv@8.12.0:
    dependencies:
      fast-deep-equal: 3.1.3
      json-schema-traverse: 1.0.0
      require-from-string: 2.0.2
      uri-js: 4.4.1
    dev: false

  fast-deep-equal@3.1.3:
    dev: false

  json-schema-traverse@1.0.0:
    dev: false

  punycode@2.3.1:
    dev: false

  require-from-string@2.0.2:
    dev: false

  uri-js@4.4.1:
    dependencies:
      punycode: 2.3.1
    dev: false
