lockfileVersion: 5.4

specifiers:
  '@pnpm.e2e/pkg-with-optional': 1.0.0

dependencies:
  '@pnpm.e2e/pkg-with-optional': 1.0.0

packages:

  /@pnpm.e2e/dep-of-optional-pkg/1.0.0:
    resolution: {integrity: sha512-ouCWx8q98JzIJ/Ef2Ny6uvHYWxe+T2irzTBhntx/31Jd+1QxbGVETO8yJXrDZyuD3rBGaZULj78gIcwa068fAA==}
    dev: false
    optional: true

  /@pnpm.e2e/not-compatible-with-any-os/1.0.0:
    resolution: {integrity: sha512-8sAm2PvHtibzjUYOXrmvmHXhthl7mD582GNDjhQ7CrQblo084OiAjNGaLka4vXXWF93LVaJ91btIRCECJPFLXw==}
    os: [this-os-does-not-exist]
    requiresBuild: true
    dependencies:
      '@pnpm.e2e/dep-of-optional-pkg': 1.0.0
    dev: false
    optional: true

  /@pnpm.e2e/pkg-with-optional/1.0.0:
    resolution: {integrity: sha512-Er5ld8foGmtV7tEzjy8NPYoA9MkUfAe7iU4dx/5wpPYhX32+SUqML8iG2RmjqrVdCDFzRepG3zSP6RcCTVaMPQ==}
    optionalDependencies:
      '@pnpm.e2e/not-compatible-with-any-os': 1.0.0
    dev: false
