dependencies:
  tar-pkg: 'file:../tar-pkg-1.0.0.tgz'
lockfileVersion: 5.1
packages:
  'file:../tar-pkg-1.0.0.tgz':
    dev: false
    name: tar-pkg
    resolution:
      integrity: sha512-HP/5Rgt3pVFLzjmN9qJJ6vZMgCwoCIl/m2bPndYT283CUqnmFiMx0GeeIJ7SyK6TYoJM78SEvFEOQie++caHqw==
      tarball: 'file:../tar-pkg-1.0.0.tgz'
    version: 1.0.0
specifiers:
  tar-pkg: 'file:../tar-pkg-1.0.0.tgz'
