dependencies:
  ajv: 6.10.2
  ajv-keywords: 3.4.1_ajv@6.10.2
lockfileVersion: 5.1
packages:
  /ajv-keywords/3.4.1_ajv@6.10.2:
    dependencies:
      ajv: 6.10.2
    dev: false
    peerDependencies:
      ajv: ^6.9.1
    resolution:
      integrity: sha512-RO1ibKvd27e6FEShVFfPALuHI3WjSVNeK5FIsmme/LYRNxjKuNj+Dt7bucLa6NdSv3JcVTyMlm9kGR84z1XpaQ==
  /ajv/6.10.2:
    dependencies:
      fast-deep-equal: 2.0.1
      fast-json-stable-stringify: 2.0.0
      json-schema-traverse: 0.4.1
      uri-js: 4.2.2
    dev: false
    resolution:
      integrity: sha512-TXtUUEYHuaTEbLZWIKUr5pmBuhDLy+8KYtPYdcV8qC+pOZL+NKqYwvWSRrVXHn+ZmRRAu8vJTAznH7Oag6RVRw==
  /fast-deep-equal/2.0.1:
    dev: false
    resolution:
      integrity: sha1-ewUhjd+WZ79/Nwv3/bLLFf3Qqkk=
  /fast-json-stable-stringify/2.0.0:
    dev: false
    resolution:
      integrity: sha1-1RQsDK7msRifh9OnYREGT4bIu/I=
  /json-schema-traverse/0.4.1:
    dev: false
    resolution:
      integrity: sha512-xbbCH5dCYU5T8LcEhhuh7HJ88HXuW3qsI3Y0zOZFKfZEHcpWiHU/Jxzk629Brsab/mMiHQti9wMP+845RPe3Vg==
  /punycode/2.1.1:
    dev: false
    engines:
      node: '>=6'
    resolution:
      integrity: sha512-XRsRjdf+j5ml+y/6GKHPZbrF/8p2Yga0JPtdqTIY2Xe5ohJPD9saDJJLPvp9+NSBprVvevdXZybnj2cv8OEd0A==
  /uri-js/4.2.2:
    dependencies:
      punycode: 2.1.1
    dev: false
    resolution:
      integrity: sha512-KY9Frmirql91X2Qgjry0Wd4Y+YTdrdZheS8TFwvkbLWf/G5KNJDCh6pKL5OZctEW4+0Baa5idK2ZQuELRwPznQ==
specifiers:
  ajv: ^6.10.2
  ajv-keywords: ^3.4.1
