{
  "nodes": {
    "nixpkgs": {
      "locked": {
        "lastModified": 1787631388,
        "narHash": "sha256-vMiXptXarfSdJb1Gkc+FYVOAibuBRj7qxGa8z68q1Uw=",
        "owner": "NixOS",
        "repo": "nixpkgs",
        "rev": "ac6b2166e7a9375683b8e98f860f273222337b16",
        "type": "github"
      },
      "original": {
        "owner": "NixOS",
        "ref": "nixpkgs-unstable",
        "repo": "nixpkgs",
        "type": "github"
      }
    },
    "nixpkgs-darwin-legacy": {
      "locked": {
        "lastModified": 1787702303,
        "narHash": "sha256-p/jeuCSlNdqH5nWJBI/fUFhyeTEuwaqcjDOFt4sbnZo=",
        "owner": "NixOS",
        "repo": "nixpkgs",
        "rev": "74351b46498a1a492c7a0df8f83dfad5072dac10",
        "type": "github"
      },
      "original": {
        "owner": "NixOS",
        "ref": "nixpkgs-26.05-darwin",
        "repo": "nixpkgs",
        "type": "github"
      }
    },
    "root": {
      "inputs": {
        "nixpkgs": "nixpkgs",
        "nixpkgs-darwin-legacy": "nixpkgs-darwin-legacy"
      }
    }
  },
  "root": "root",
  "version": 7
}
