lockfileVersion: '7.0'

settings:
  autoInstallPeers: true
  excludeLinksFromLockfile: false

importers:

  .:
    dependencies:
      '@pnpm.e2e/pre-and-postinstall-scripts-example':
        specifier: '*'
        version: 2.0.0

packages:

  /@pnpm.e2e/hello-world-js-bin@1.0.0:
    resolution: {integrity: sha512-EDvJzSLCEMnUnrrIGdV+IUWP/8w+nUjOuay2u0KW20Mnfnm3lyrdquQ+gKPNAOUfAsKL1y21np1nQN0PyP+57A==}
    hasBin: true

  /@pnpm.e2e/pre-and-postinstall-scripts-example@2.0.0:
    resolution: {integrity: sha512-o1ULljloNzGcHI+k0NuY7aZigV5F551GpY9prYIrhMjIVNyMsERQMxLYZeKQJUnhZO5VKJNtGZlrUYkmJ1qDbw==}

snapshots:

  /@pnpm.e2e/hello-world-js-bin@1.0.0:
    dev: false

  /@pnpm.e2e/pre-and-postinstall-scripts-example@2.0.0:
    dependencies:
      '@pnpm.e2e/hello-world-js-bin': 1.0.0
    dev: false
