importers:
  package:
    dependencies:
      pkg-with-1-dep: 100.0.0
    specifiers:
      pkg-with-1-dep: 100.0.0
lockfileVersion: 5
packages:
  /dep-of-pkg-with-1-dep/100.1.0:
    dev: false
    resolution:
      integrity: sha512-NrDz2149fygGT7uMe8Jj6rsgxZWuJQJqXfWk/gj5KWoxfRxmXkQZnPgOdoLnxCEq3RrKOotVcgUJtlM8fNRgvA==
  /pkg-with-1-dep/100.0.0:
    dependencies:
      dep-of-pkg-with-1-dep: 100.1.0
    dev: false
    resolution:
      integrity: sha512-OStTw86MRiQHB1JTSy6wl+9GT46aK8w4ghZT3e8ZN899J+FUsfD1nFl5gANa4Qol1LTBRqXeKomgXIAo9R/RZA==
