dependencies:
  deprecated: 0.0.2
  is-negative: 2.1.0
  is-positive: 3.1.0
lockfileVersion: 5.1
packages:
  /deprecated/0.0.2:
    dev: false
    engines:
      node: '>= 0.9'
    resolution:
      integrity: sha1-vJ3Pm86RdPz5CQzxKVExxDnGgv0=
  /is-negative/2.1.0:
    dev: false
    engines:
      node: '>=0.10.0'
    resolution:
      integrity: sha1-8Nhjd6oVpkw0lh84rCqb4rQKEYc=
  /is-positive/3.1.0:
    dev: false
    engines:
      node: '>=0.10.0'
    resolution:
      integrity: sha1-hX21hKG6XRyymAUn/DtsQ103sP0=
specifiers:
  deprecated: 0.0.2
  is-negative: ^2.1.0
  is-positive: ^3.1.0
