dependencies:
  deprecated: 1.0.0
  is-negative: 1.1.0
devDependencies:
  is-positive: 3.1.0
lockfileVersion: 5
packages:
  /deprecated/1.0.0:
    deprecated: This package is deprecated
    dev: false
    resolution:
      integrity: sha512-IXOehroEnYcbv/C4Kam/SWp7doHhGuRU5PHwxkOsjPjMy+lZSICgMasAK74AkrulthvBxVvZqdDvjK63RfOY+w==
  /is-negative/1.1.0:
    resolution:
      integrity: sha1-8Nhjd6oVpkw0lh84rCqb4rQKEYc=
  /is-positive/3.1.0:
    dev: true
    resolution:
      integrity: sha1-hX21hKG6XRyymAUn/DtsQ103sP0=
specifiers:
  deprecated: 1.0.0
  is-negative: ^1.1.0
  is-positive: ^3.1.0
