lockfileVersion: '7.0'

settings:
  autoInstallPeers: false
  excludeLinksFromLockfile: false

importers:

  .:
    dependencies:
      pnpm-default-reporter:
        specifier: 0.14.7
        version: 0.14.7

packages:

  '@most/multicast@1.3.0':
    resolution: {integrity: sha512-DWH8AShgp5bXn+auGzf5tzPxvpmEvQJd0CNsApOci1LDF4eAEcnw4HQOr2Jaa+L92NbDYFKBSXxll+i7r1ikvw==}
    peerDependencies:
      most: ^1.0.1

  '@most/prelude@1.7.0':
    resolution: {integrity: sha512-OlDCH0+u2/ro/AHeAg63zvbvCsQC930hSKC9Kc1qSev1JkWK8Yk0HDHJ4o62HSjPwWGXEUZG1WhQKQh4ypreGA==}

  '@types/common-tags@1.4.0':
    resolution: {integrity: sha512-HI1tSO87vmd1sPS3DOVSK4gvVKROvCBFvAnXlLiQtAus/+1xXMQcNyu9TX2ChwRXFeQZeB9+f+nMo99xLd5DdA==}

  '@types/node@8.10.0':
    resolution: {integrity: sha512-7IGHZQfRfa0bCd7zUBVUGFKFn31SpaLDFfNoCAqkTGQO5JlHC9BwQA/CG9KZlABFxIUtXznyFgechjPQEGrUTg==}

  '@types/node@9.6.0':
    resolution: {integrity: sha512-h3YZbOq2+ZoDFI1z8Zx0Ck/xRWkOESVaLdgLdd/c25mMQ1Y2CAkILu9ny5A15S5f32gGcQdaUIZ2jzYr8D7IFg==}

  '@types/ramda@0.25.20':
    resolution: {integrity: sha512-hzYRBRWCrtYlqZomYRGreFVZOt6X7KsQ3i838RYdGDIc0/T3Ektt+rvO6c90byNoGR3+rjSOuR5ei1LOympgqg==}

  '@types/semver@5.5.0':
    resolution: {integrity: sha512-41qEJgBH/TWgo5NFSvBCJ1qkoi3Q6ONSF2avrHq1LVEZfYpdHmj0y9SuTK+u9ZhG1sYQKBL1AWXKyLWP4RaUoQ==}

  ansi-diff@1.0.10:
    resolution: {integrity: sha512-pgsU9HUWzN2JqNBcuhn5vIDtSwfKetdjy6EQl3UsTRluyIL3S2tINgFZO8SERS13uB0/5/stxf5pVCNLcSW99w==}

  ansi-regex@3.0.0:
    resolution: {integrity: sha512-wFUFA5bg5dviipbQQ32yOQhl6gcJaJXiHE7dvR8VYPG97+J/GNC5FKGepKdEDUFeXRzDxPF1X/Btc8L+v7oqIQ==}
    engines: {node: '>=4'}

  ansi-split@1.0.1:
    resolution: {integrity: sha512-RRxQym4DFtDNmHIkW6aeFVvrXURb11lGAEPXNiryjCe8bK8RsANjzJ0M2aGOkvBYwP4Bl/xZ8ijtr6D3j1x/eg==}

  ansi-styles@3.2.1:
    resolution: {integrity: sha512-VT0ZI6kZRdTh8YyJw3SMbYm/u+NqfsAxEpWO0Pf9sq8/e94WxxOpPKx9FR1FlyCtOVDNOQ+8ntlqFxiRc+r5qA==}
    engines: {node: '>=4'}

  as-table@1.0.31:
    resolution: {integrity: sha512-ubDaG2tplsg9UG/m7rEhZ5x5ZFIcVjWJQ3ZXz4qeY7CRAWFDD6X/g87ThN8op6f/+7YyH3PUt2nUbs9SVTCY5Q==}

  babel-runtime@6.26.0:
    resolution: {integrity: sha512-ITKNuq2wKlW1fJg9sSW52eepoYgZBggvOAHC0u/CYu/qxQ9EVzThCgR69BnSXLHjy2f7SY5zaQ4yt7H9ZVxY2g==}

  chalk@2.3.2:
    resolution: {integrity: sha512-ZM4j2/ld/YZDc3Ma8PgN7gyAk+kHMMMyzLNryCPGhWrsfAuDVeuid5bpRFTDgMH9JBK2lA4dyyAkkZYF/WcqDQ==}
    engines: {node: '>=4'}

  cli-cursor@2.1.0:
    resolution: {integrity: sha512-8lgKz8LmCRYZZQDpRyT2m5rKJ08TnU4tR9FFFW2rxpxR1FzWi4PQ/NfyODchAatHaUgnSPVcx/R5w6NuTBzFiw==}
    engines: {node: '>=4'}

  color-convert@1.9.1:
    resolution: {integrity: sha512-mjGanIiwQJskCC18rPR6OmrZ6fm2Lc7PeGFYwCmy5J34wC6F1PzdGL6xeMfmgicfYcNLGuVFA3WzXtIDCQSZxQ==}

  color-name@1.1.3:
    resolution: {integrity: sha512-72fSenhMw2HZMTVHeCA9KCmpEIbzWiQsjN+BHcBbS9vr1mtt+vJjPdksIBNUmKAW8TFUDPJK5SUU3QhE9NEXDw==}

  common-tags@1.7.2:
    resolution: {integrity: sha512-joj9ZlUOjCrwdbmiLqafeUSgkUM74NqhLsZtSqDmhKudaIY197zTrb8JMl31fMnCUuxwFT23eC/oWvrZzDLRJQ==}
    engines: {node: '>=4.0.0'}

  core-js@2.5.3:
    resolution: {integrity: sha512-1fhTiNuC8YWzCl567b1K2mQqRyHvQtRlEuNY31t837BFNd57oMvElJTsM5IrIooczeG/KvssBbJi2ZZASwyMIQ==}
    deprecated: core-js@<3.23.3 is no longer maintained and not recommended for usage due to the number of issues. Because of the V8 engine whims, feature detection in old core-js versions could cause a slowdown up to 100x even if nothing is polyfilled. Some versions have web compatibility issues. Please, upgrade your dependencies to the actual version of core-js.

  core-util-is@1.0.2:
    resolution: {integrity: sha512-3lqz5YjWTYnW6dlDa5TLaTCcShfar1e40rmcJVwCBJC6mWlFuj0eCHIElmG1g5kyuJ/GD+8Wn4FFCcz4gJPfaQ==}

  data-uri-to-buffer@2.0.0:
    resolution: {integrity: sha512-YbKCNLPPP4inc0E5If4OaalBc7gpaM2MRv77Pv2VThVComLKfbGYtJcdDCViDyp1Wd4SebhHLz94vp91zbK6bw==}

  escape-string-regexp@1.0.5:
    resolution: {integrity: sha512-vbRorB5FUQWvla16U8R/qgaFIya2qGzwDrNmCZuYKrbdSUMG6I1ZCGQRefkRVhuOkIGVne7BQ35DSfo1qvJqFg==}
    engines: {node: '>=0.8.0'}

  get-source@1.0.24:
    resolution: {integrity: sha512-JmihHJJPVJ/5dkwxCZEsAsf2GIHkn78BcvZ9vgyvam1YjDBmL3WbnxUHQs6DTIXYaYKVljjiAMgDe0g5lyFtvw==}

  has-flag@3.0.0:
    resolution: {integrity: sha512-sKJf1+ceQBr4SMkvQnBDNDtf4TXpVhVGateu0t918bl30FnbE2m4vNLX+VWe/dpjlb+HugGYzW7uQXH98HPEYw==}
    engines: {node: '>=4'}

  inherits@2.0.3:
    resolution: {integrity: sha512-x00IRNXNy63jwGkJmzPigoySHbaqpNuzKbBOmzK+g2OdZpQ9w+sxCN+VSB3ja7IAge2OP2qpfxTjeNcyjmW1uw==}

  isarray@1.0.0:
    resolution: {integrity: sha512-VLghIWNM6ELQzo7zwmcg0NmTVyWKYjvIeM83yjp0wRDTmUnrM678fQbcKBo6n2CJEF0szoG//ytg+TKla89ALQ==}

  json-stringify-safe@5.0.1:
    resolution: {integrity: sha512-ZClg6AaYvamvYEE82d3Iyd3vSSIjQ+odgjaTzRuO3s7toCdFKczob2i0zCh7JE8kWn17yvAWhUVxvqGwUalsRA==}

  mimic-fn@1.2.0:
    resolution: {integrity: sha512-jf84uxzwiuiIVKiOLpfYk7N46TSy8ubTonmneY9vrpHNAnp0QBt2BxWV9dO3/j+BoVAb+a5G6YDPW3M5HOdMWQ==}
    engines: {node: '>=4'}

  minimist@1.2.0:
    resolution: {integrity: sha512-7Wl+Jz+IGWuSdgsQEJ4JunV0si/iMhg42MnQQG6h1R6TNeVenp4U9x5CC5v/gYqz/fENLQITAWXidNtVL0NNbw==}

  most-last@1.0.0:
    resolution: {integrity: sha512-2lsQXnBaJH1p+TpgU21pW5i3AOlqbbNZeuoKHoMVBzV2zKsClsKnZV27RjgfMZFTIw7zyVjTUQ2XKngNEHlMlw==}
    peerDependencies:
      most: ^1.0.3

  most@1.7.3:
    resolution: {integrity: sha512-mk68SM/ptK8WSo3l03raXcWy02Hl7jbzxVozMuvyYxohn4yteh2THhl3+XABF5cunWE8eXHAsLbv+RCJI5y+jg==}

  ndjson@1.5.0:
    resolution: {integrity: sha512-hUPLuaziboGjNF7wHngkgVc0FOclR8dDk/HfEvTtDr/iUrqBWiRcRSTK3/nLOqKH33th714BrMmTPtObI9gZxQ==}
    hasBin: true

  onetime@2.0.1:
    resolution: {integrity: sha512-oyyPpiMaKARvvcgip+JV+7zci5L8D1W9RZIz2l1o08AM3pfspitVWnPt3mzHcBPp12oYMTy0pqrFs/C+m3EwsQ==}
    engines: {node: '>=4'}

  pnpm-default-reporter@0.14.7:
    resolution: {integrity: sha512-uHBIrBDxS/K82cGaxSQnhMYPJyYI4mX/28voWxqtFwIqhR0Gjf73EGN1wUc3lD38HdQDkCrSk5HBwp5N21AONw==}
    engines: {node: '>=4'}
    hasBin: true
    peerDependencies:
      supi: '>=0.12.5 <0.15.0'

  pretty-bytes@4.0.2:
    resolution: {integrity: sha512-yJAF+AjbHKlxQ8eezMd/34Mnj/YTQ3i6kLzvVsH4l/BfIFtp444n0wVbnsn66JimZ9uBofv815aRp1zCppxlWw==}
    engines: {node: '>=4'}

  printable-characters@1.0.38:
    resolution: {integrity: sha512-rfZexdzzYaL6VzWYop0cLSYnIkJwaN+UEnYBN5z+l2RjNOmo/I8jkEKDu5mWSCucIudk2wVMx0dMRJtw8ViIcw==}

  process-nextick-args@2.0.0:
    resolution: {integrity: sha512-MtEC1TqN0EU5nephaJ4rAtThHtC86dNN9qCuEhtshvpVBkAW5ZO7BASN9REnF9eoXGcRub+pFuKEpOHE+HbEMw==}

  ramda@0.25.0:
    resolution: {integrity: sha512-GXpfrYVPwx3K7RQ6aYT8KPS8XViSXUVJT1ONhoKPE9VAleW42YE+U+8VEyGWt41EnEQW7gwecYJriTI0pKoecQ==}

  readable-stream@2.3.5:
    resolution: {integrity: sha512-tK0yDhrkygt/knjowCUiWP9YdV7c5R+8cR0r/kt9ZhBU906Fs6RpQJCEilamRJj1Nx2rWI6LkW9gKqjTkshhEw==}

  regenerator-runtime@0.11.1:
    resolution: {integrity: sha512-MguG95oij0fC3QV3URf4V2SDYGJhJnJGqvIIgdECeODCT98wSWDAJ94SSuVpYQUoTcGUIL6L4yNB7j1DFFHSBg==}

  restore-cursor@2.0.0:
    resolution: {integrity: sha512-6IzJLuGi4+R14vwagDHX+JrXmPVtPpn4mffDJ1UdR7/Edm87fl6yi8mMBIVvFtJaNTUvjughmW4hwLhRG7gC1Q==}
    engines: {node: '>=4'}

  safe-buffer@5.1.1:
    resolution: {integrity: sha512-kKvNJn6Mm93gAczWVJg7wH+wGYWNrDHdWvpUmHyEsgCtIwwo3bqPtV4tR5tuPaUhTOo/kvhVwd8XwwOllGYkbg==}

  semver@5.5.0:
    resolution: {integrity: sha512-4SJ3dm0WAwWy/NVeioZh5AntkdJoWKxHxcmyP622fOkgHa4z3R0TdBJICINyaSDE6uNwVc8gZr+ZinwZAH4xIA==}
    hasBin: true

  signal-exit@3.0.2:
    resolution: {integrity: sha512-meQNNykwecVxdu1RlYMKpQx4+wefIYpmxi6gexo/KAbwquJrBUrBmKYJrE8KFkVQAAVWEnwNdu21PgrD77J3xA==}

  source-map@0.6.1:
    resolution: {integrity: sha512-UjgapumWlbMhkBgzT7Ykc5YXUT46F0iKu8SGXq0bcwP5dz/h0Plj6enJqjz1Zbq2l5WaqYnrVbwWOWMyF3F47g==}
    engines: {node: '>=0.10.0'}

  split2@2.2.0:
    resolution: {integrity: sha512-RAb22TG39LhI31MbreBgIuKiIKhVsawfTgEGqKHTK87aG+ul/PB8Sqoi3I7kVdRWiCfrKxK3uo4/YUkpNvhPbw==}

  stacktracey@1.2.100:
    resolution: {integrity: sha512-Y3rwwtpCzE/SK/1quvfroDwOCGE4ELiVMg+NWq+9JLJAuW8oBoWcAqt2LcjCgVagDtBb0nruy5hxjXV2oPsehw==}

  string_decoder@1.0.3:
    resolution: {integrity: sha512-4AH6Z5fzNNBcH+6XDMfA/BTt87skxqJlO0lAh3Dker5zThcAxG6mKz+iGu308UKoPPQ8Dcqx/4JhujzltRa+hQ==}

  supports-color@5.3.0:
    resolution: {integrity: sha512-0aP01LLIskjKs3lq52EC0aGBAJhLq7B2Rd8HC/DR/PtNNpcLilNmHC12O+hu0usQpo7wtHNRqtrhBwtDb0+dNg==}
    engines: {node: '>=4'}

  symbol-observable@1.2.0:
    resolution: {integrity: sha512-e900nM8RRtGhlV36KGEU9k65K3mPb1WV70OdjfxlG2EAuM1noi/E/BaW/uMhL7bPEssK8QV57vN3esixjUvcXQ==}
    engines: {node: '>=0.10.0'}

  through2@2.0.3:
    resolution: {integrity: sha512-tmNYYHFqXmaKSSlOU4ZbQ82cxmFQa5LRWKFtWCNkGIiZ3/VHmOffCeWfBRZZRyXAhNP9itVMR+cuvomBOPlm8g==}

  util-deprecate@1.0.2:
    resolution: {integrity: sha512-EPD5q1uXyFxJpCrLnCc1nHnq3gOa6DZBocAIiI2TaSCA7VCJ1UJDMagCzIkXNsUYfD1daK//LTEQ8xiIbrHtcw==}

  xtend@4.0.1:
    resolution: {integrity: sha512-iTwvhNBRetXWe81+VcIw5YeadVSWyze7uA7nVnpP13ulrpnJ3UfQm5ApGnrkmxDJFdrblRdZs0EvaTCIfei5oQ==}
    engines: {node: '>=0.4'}

  zen-observable@0.7.1:
    resolution: {integrity: sha512-OI6VMSe0yeqaouIXtedC+F55Sr6r9ppS7+wTbSexkYdHbdt4ctTuPNXP/rwm7GTVI63YBc+EBT0b0tl7YnJLRg==}

  zen-push@0.2.1:
    resolution: {integrity: sha512-Qv4qvc8ZIue51B/0zmeIMxpIGDVhz4GhJALBvnKs/FRa2T7jy4Ori9wFwaHVt0zWV7MIFglKAHbgnVxVTw7U1w==}

snapshots:

  '@most/multicast@1.3.0(most@1.7.3)':
    dependencies:
      '@most/prelude': 1.7.0
      most: 1.7.3
    dev: false

  '@most/prelude@1.7.0':
    dev: false

  '@types/common-tags@1.4.0':
    dev: false

  '@types/node@8.10.0':
    dev: false

  '@types/node@9.6.0':
    dev: false

  '@types/ramda@0.25.20':
    dev: false

  '@types/semver@5.5.0':
    dev: false

  ansi-diff@1.0.10:
    dependencies:
      ansi-split: 1.0.1
    dev: false

  ansi-regex@3.0.0:
    dev: false

  ansi-split@1.0.1:
    dependencies:
      ansi-regex: 3.0.0
    dev: false

  ansi-styles@3.2.1:
    dependencies:
      color-convert: 1.9.1
    dev: false

  as-table@1.0.31:
    dependencies:
      printable-characters: 1.0.38
    dev: false

  babel-runtime@6.26.0:
    dependencies:
      core-js: 2.5.3
      regenerator-runtime: 0.11.1
    dev: false

  chalk@2.3.2:
    dependencies:
      ansi-styles: 3.2.1
      escape-string-regexp: 1.0.5
      supports-color: 5.3.0
    dev: false

  cli-cursor@2.1.0:
    dependencies:
      restore-cursor: 2.0.0
    dev: false

  color-convert@1.9.1:
    dependencies:
      color-name: 1.1.3
    dev: false

  color-name@1.1.3:
    dev: false

  common-tags@1.7.2:
    dependencies:
      babel-runtime: 6.26.0
    dev: false

  core-js@2.5.3:
    dev: false

  core-util-is@1.0.2:
    dev: false

  data-uri-to-buffer@2.0.0:
    dependencies:
      '@types/node': 8.10.0
    dev: false

  escape-string-regexp@1.0.5:
    dev: false

  get-source@1.0.24:
    dependencies:
      data-uri-to-buffer: 2.0.0
      source-map: 0.6.1
    dev: false

  has-flag@3.0.0:
    dev: false

  inherits@2.0.3:
    dev: false

  isarray@1.0.0:
    dev: false

  json-stringify-safe@5.0.1:
    dev: false

  mimic-fn@1.2.0:
    dev: false

  minimist@1.2.0:
    dev: false

  most-last@1.0.0(most@1.7.3):
    dependencies:
      most: 1.7.3
    dev: false

  most@1.7.3:
    dependencies:
      '@most/multicast': 1.3.0(most@1.7.3)
      '@most/prelude': 1.7.0
      symbol-observable: 1.2.0
    dev: false

  ndjson@1.5.0:
    dependencies:
      json-stringify-safe: 5.0.1
      minimist: 1.2.0
      split2: 2.2.0
      through2: 2.0.3
    dev: false

  onetime@2.0.1:
    dependencies:
      mimic-fn: 1.2.0
    dev: false

  pnpm-default-reporter@0.14.7:
    dependencies:
      '@types/common-tags': 1.4.0
      '@types/node': 9.6.0
      '@types/ramda': 0.25.20
      '@types/semver': 5.5.0
      ansi-diff: 1.0.10
      chalk: 2.3.2
      cli-cursor: 2.1.0
      common-tags: 1.7.2
      most: 1.7.3
      most-last: 1.0.0(most@1.7.3)
      ndjson: 1.5.0
      pretty-bytes: 4.0.2
      ramda: 0.25.0
      semver: 5.5.0
      stacktracey: 1.2.100
      zen-push: 0.2.1
    dev: false

  pretty-bytes@4.0.2:
    dev: false

  printable-characters@1.0.38:
    dev: false

  process-nextick-args@2.0.0:
    dev: false

  ramda@0.25.0:
    dev: false

  readable-stream@2.3.5:
    dependencies:
      core-util-is: 1.0.2
      inherits: 2.0.3
      isarray: 1.0.0
      process-nextick-args: 2.0.0
      safe-buffer: 5.1.1
      string_decoder: 1.0.3
      util-deprecate: 1.0.2
    dev: false

  regenerator-runtime@0.11.1:
    dev: false

  restore-cursor@2.0.0:
    dependencies:
      onetime: 2.0.1
      signal-exit: 3.0.2
    dev: false

  safe-buffer@5.1.1:
    dev: false

  semver@5.5.0:
    dev: false

  signal-exit@3.0.2:
    dev: false

  source-map@0.6.1:
    dev: false

  split2@2.2.0:
    dependencies:
      through2: 2.0.3
    dev: false

  stacktracey@1.2.100:
    dependencies:
      as-table: 1.0.31
      get-source: 1.0.24
    dev: false

  string_decoder@1.0.3:
    dependencies:
      safe-buffer: 5.1.1
    dev: false

  supports-color@5.3.0:
    dependencies:
      has-flag: 3.0.0
    dev: false

  symbol-observable@1.2.0:
    dev: false

  through2@2.0.3:
    dependencies:
      readable-stream: 2.3.5
      xtend: 4.0.1
    dev: false

  util-deprecate@1.0.2:
    dev: false

  xtend@4.0.1:
    dev: false

  zen-observable@0.7.1:
    dev: false

  zen-push@0.2.1:
    dependencies:
      zen-observable: 0.7.1
    dev: false

time: {}
