importers:
  package:
    dependencies:
      is-positive: 3.1.0
    specifiers:
      is-positive: 3.1.0
lockfileVersion: 5
packages:
  /is-positive/3.1.0:
    dev: false
    engines:
      node: '>=0.10.0'
    resolution:
      integrity: sha512-8ND1j3y9/HP94TOvGzr69/FgbkX2ruOldhLEsTWwcJVfo4oRjwemJmJxt7RJkKYH8tz7vYBP9JcKQY8CLuJ90Q==
