{
  "name": "has-npm-shrinkwrap-json",
  "version": "0.0.0",
  "lockfileVersion": 1,
  "dependencies": {
    "@pnpm.e2e/dep-of-pkg-with-1-dep": {
      "version": "101.0.0"
    },
    "@pnpm.e2e/pkg-with-1-dep": {
      "version": "100.0.0",
      "dependencies": {
        "@pnpm.e2e/dep-of-pkg-with-1-dep": {
          "version": "100.0.0"
        }
      }
    }
  }
}
