# THIS IS AN AUTOGENERATED FILE. DO NOT EDIT THIS FILE DIRECTLY.
# yarn lockfile v1


pnpm-foo@^1.1.0:
  version "1.1.0"
  resolved "http://localhost:4873/pnpm-foo/-/pnpm-foo-1.1.0.tgz#808ab933994269d6d5848dd724c3fc79324e9a6d"
  integrity sha512-Y02IzL+/JalqSzvQbuMy7Z1NDvOpe34fLlHMTKv8uqPh/+KREyuPHDNDONF3rrykZBl5iSXRrW7UcDf1CXjcIA==
