lockfileVersion: '7.0'

importers:

  bar:
    dependencies:
      foo:
        specifier: 1.0.0
        version: 'link:../foo'
      is-positive:
        specifier: 1.0.0
        version: 1.0.0

  foo:
    dependencies:
      is-negative:
        specifier: 1.0.0
        version: 1.0.0

packages:

  is-negative@1.0.0:
    engines:
      node: '>=0.10.0'
    resolution:
      integrity: sha1-clmHeoPIAKwxkd17nZ+80PdS1P4=

  is-positive@1.0.0:
    engines:
      node: '>=0.10.0'
    resolution:
      integrity: sha1-iACYVrZKLx632LsBeUGEJK4EUss=

snapshots:

  is-negative@1.0.0:
    dev: false

  is-positive@1.0.0:
    dev: false

