importers:
  packages/is-negative:
    dependencies:
      is-positive: 'link:../is-positive'
      ramda: 0.26.0
    specifiers:
      is-positive: 'workspace:1.0.0'
      ramda: 0.26.0
  packages/is-negative/example:
    dependencies:
      lodash: 1.0.0
    specifiers:
      lodash: 1.0.0
  packages/is-positive:
    dependencies:
      express: 1.0.0
    specifiers:
      express: 1.0.0
lockfileVersion: 5.1
packages:
  /connect/3.7.0:
    dependencies:
      debug: 2.6.9
      finalhandler: 1.1.2
      parseurl: 1.3.3
      utils-merge: 1.0.1
    dev: false
    engines:
      node: '>= 0.10.0'
    resolution:
      integrity: sha512-ZqRXc+tZukToSNmh5C2iWMSoV3X1YUcPbqEM4DkEG5tNQXrQUZCNVGGv3IuicnkMtPfGf3Xtp8WCXs295iQ1pQ==
  /debug/2.6.9:
    dependencies:
      ms: 2.0.0
    dev: false
    resolution:
      integrity: sha512-bC7ElrdJaJnPbAP+1EotYvqZsb3ecl5wi6Bfi6BJTUcNowp6cvspg0jXznRTKDjm/E7AdgFBVeAPVMNcKGsHMA==
  /ee-first/1.1.1:
    dev: false
    resolution:
      integrity: sha1-WQxhFWsK4vTwJVcyoViyZrxWsh0=
  /encodeurl/1.0.2:
    dev: false
    engines:
      node: '>= 0.8'
    resolution:
      integrity: sha1-rT/0yG7C0CkyL1oCw6mmBslbP1k=
  /escape-html/1.0.3:
    dev: false
    resolution:
      integrity: sha1-Aljq5NPQwJdN4cFpGI7wBR0dGYg=
  /express/1.0.0:
    dependencies:
      connect: 3.7.0
    deprecated: express 1.x series is deprecated
    dev: false
    engines:
      node: '>= 0.2.0'
    hasBin: true
    resolution:
      integrity: sha1-SKQ9eKluuSMvYx0jzI3o+FTY4Ok=
  /finalhandler/1.1.2:
    dependencies:
      debug: 2.6.9
      encodeurl: 1.0.2
      escape-html: 1.0.3
      on-finished: 2.3.0
      parseurl: 1.3.3
      statuses: 1.5.0
      unpipe: 1.0.0
    dev: false
    engines:
      node: '>= 0.8'
    resolution:
      integrity: sha512-aAWcW57uxVNrQZqFXjITpW3sIUQmHGG3qSb9mUah9MgMC4NeWhNOlNjXEYq3HjRAvL6arUviZGGJsBg6z0zsWA==
  /lodash/1.0.0:
    dev: false
    engines:
      '0': node
      '1': rhino
    resolution:
      integrity: sha1-JTXC99y2k3zujSZyxfcTju4N9qk=
  /ms/2.0.0:
    dev: false
    resolution:
      integrity: sha1-VgiurfwAvmwpAd9fmGF4jeDVl8g=
  /on-finished/2.3.0:
    dependencies:
      ee-first: 1.1.1
    dev: false
    engines:
      node: '>= 0.8'
    resolution:
      integrity: sha1-IPEzZIGwg811M3mSoWlxqi2QaUc=
  /parseurl/1.3.3:
    dev: false
    engines:
      node: '>= 0.8'
    resolution:
      integrity: sha512-CiyeOxFT/JZyN5m0z9PfXw4SCBJ6Sygz1Dpl0wqjlhDEGGBP1GnsUVEL0p63hoG1fcj3fHynXi9NYO4nWOL+qQ==
  /ramda/0.26.0:
    dev: false
    resolution:
      integrity: sha512-maK1XqpgsOo5DwjhROjqDvpm1vkphLQbpleVv+b3t5Y9uOQ0t8hTHT582+mDs7RLrex1kd4lWYizNXWLVjsq9w==
  /statuses/1.5.0:
    dev: false
    engines:
      node: '>= 0.6'
    resolution:
      integrity: sha1-Fhx9rBd2Wf2YEfQ3cfqZOBR4Yow=
  /unpipe/1.0.0:
    dev: false
    engines:
      node: '>= 0.8'
    resolution:
      integrity: sha1-sr9O6FFKrmFltIF4KdIbLvSZBOw=
  /utils-merge/1.0.1:
    dev: false
    engines:
      node: '>= 0.4.0'
    resolution:
      integrity: sha1-n5VxD1CiZ5R7LMwSR0HBAoQn5xM=
