# THIS IS AN AUTOGENERATED FILE. DO NOT EDIT THIS FILE DIRECTLY.
# yarn lockfile v1


is-negative@^1.0.0:
  version "1.0.1"
  resolved "https://registry.yarnpkg.com/is-negative/-/is-negative-1.0.1.tgz#dc6b8728eebd03c75bf876087edcd50e9cb56994"
  integrity sha1-3GuHKO69A8db+HYIftzVDpy1aZQ=

is-positive@^1.0.0:
  version "1.0.0"
  resolved "https://registry.yarnpkg.com/is-positive/-/is-positive-1.0.0.tgz#88009856b64a2f1eb7d8bb0179418424ae0452cb"
  integrity sha1-iACYVrZKLx632LsBeUGEJK4EUss=
