lockfileVersion: 5.3

importers:

  packages/is-negative:
    specifiers:
      is-positive: workspace:^
      ramda: 0.26.0
      request: 2.0.0
    dependencies:
      is-positive: link:../is-positive
      ramda: 0.26.0
      request: 2.0.0

  packages/is-negative/example:
    specifiers:
      lodash: 1.0.0
    dependencies:
      lodash: 1.0.0

  packages/is-positive:
    specifiers:
      express: 1.0.0
    dependencies:
      express: 1.0.0

packages:

  /connect/3.7.0:
    resolution: {integrity: sha512-ZqRXc+tZukToSNmh5C2iWMSoV3X1YUcPbqEM4DkEG5tNQXrQUZCNVGGv3IuicnkMtPfGf3Xtp8WCXs295iQ1pQ==}
    engines: {node: '>= 0.10.0'}
    dependencies:
      debug: 2.6.9
      finalhandler: 1.1.2
      parseurl: 1.3.3
      utils-merge: 1.0.1
    dev: false

  /debug/2.6.9:
    resolution: {integrity: sha512-bC7ElrdJaJnPbAP+1EotYvqZsb3ecl5wi6Bfi6BJTUcNowp6cvspg0jXznRTKDjm/E7AdgFBVeAPVMNcKGsHMA==}
    dependencies:
      ms: 2.0.0
    dev: false

  /ee-first/1.1.1:
    resolution: {integrity: sha1-WQxhFWsK4vTwJVcyoViyZrxWsh0=}
    dev: false

  /encodeurl/1.0.2:
    resolution: {integrity: sha1-rT/0yG7C0CkyL1oCw6mmBslbP1k=}
    engines: {node: '>= 0.8'}
    dev: false

  /escape-html/1.0.3:
    resolution: {integrity: sha1-Aljq5NPQwJdN4cFpGI7wBR0dGYg=}
    dev: false

  /express/1.0.0:
    resolution: {integrity: sha1-SKQ9eKluuSMvYx0jzI3o+FTY4Ok=}
    engines: {node: '>= 0.2.0'}
    deprecated: express 1.x series is deprecated
    hasBin: true
    dependencies:
      connect: 3.7.0
    dev: false

  /finalhandler/1.1.2:
    resolution: {integrity: sha512-aAWcW57uxVNrQZqFXjITpW3sIUQmHGG3qSb9mUah9MgMC4NeWhNOlNjXEYq3HjRAvL6arUviZGGJsBg6z0zsWA==}
    engines: {node: '>= 0.8'}
    dependencies:
      debug: 2.6.9
      encodeurl: 1.0.2
      escape-html: 1.0.3
      on-finished: 2.3.0
      parseurl: 1.3.3
      statuses: 1.5.0
      unpipe: 1.0.0
    dev: false

  /lodash/1.0.0:
    resolution: {integrity: sha1-JTXC99y2k3zujSZyxfcTju4N9qk=}
    engines: {'0': node, '1': rhino}
    dev: false

  /ms/2.0.0:
    resolution: {integrity: sha1-VgiurfwAvmwpAd9fmGF4jeDVl8g=}
    dev: false

  /on-finished/2.3.0:
    resolution: {integrity: sha1-IPEzZIGwg811M3mSoWlxqi2QaUc=}
    engines: {node: '>= 0.8'}
    dependencies:
      ee-first: 1.1.1
    dev: false

  /parseurl/1.3.3:
    resolution: {integrity: sha512-CiyeOxFT/JZyN5m0z9PfXw4SCBJ6Sygz1Dpl0wqjlhDEGGBP1GnsUVEL0p63hoG1fcj3fHynXi9NYO4nWOL+qQ==}
    engines: {node: '>= 0.8'}
    dev: false

  /ramda/0.26.0:
    resolution: {integrity: sha512-maK1XqpgsOo5DwjhROjqDvpm1vkphLQbpleVv+b3t5Y9uOQ0t8hTHT582+mDs7RLrex1kd4lWYizNXWLVjsq9w==}
    dev: false

  /request/2.0.0:
    resolution: {integrity: sha1-6OzcsS3tA7eVqh3g9Er926uY89s=}
    engines: {'0': node >= 0.3.6}
    deprecated: request has been deprecated, see https://github.com/request/request/issues/3142
    dev: false

  /statuses/1.5.0:
    resolution: {integrity: sha1-Fhx9rBd2Wf2YEfQ3cfqZOBR4Yow=}
    engines: {node: '>= 0.6'}
    dev: false

  /unpipe/1.0.0:
    resolution: {integrity: sha1-sr9O6FFKrmFltIF4KdIbLvSZBOw=}
    engines: {node: '>= 0.8'}
    dev: false

  /utils-merge/1.0.1:
    resolution: {integrity: sha1-n5VxD1CiZ5R7LMwSR0HBAoQn5xM=}
    engines: {node: '>= 0.4.0'}
    dev: false
