lockfileVersion: 5.4

specifiers:
  next: ^13.0.0
  typescript: ^4.8.4

dependencies:
  next: 13.0.0

devDependencies:
  typescript: 4.8.4

packages:

  /@next/env/13.0.0:
    resolution: {integrity: sha512-65v9BVuah2Mplohm4+efsKEnoEuhmlGm8B2w6vD1geeEP2wXtlSJCvR/cCRJ3fD8wzCQBV41VcMBQeYET6MRkg==}
    dev: false

  /@next/swc-android-arm-eabi/13.0.0:
    resolution: {integrity: sha512-+DUQkYF93gxFjWY+CYWE1QDX6gTgnUiWf+W4UqZjM1Jcef8U97fS6xYh+i+8rH4MM0AXHm7OSakvfOMzmjU6VA==}
    engines: {node: '>= 10'}
    cpu: [arm]
    os: [android]
    requiresBuild: true
    dev: false
    optional: true

  /@next/swc-android-arm64/13.0.0:
    resolution: {integrity: sha512-RW9Uy3bMSc0zVGCa11klFuwfP/jdcdkhdruqnrJ7v+7XHm6OFKkSRzX6ee7yGR1rdDZvTnP4GZSRSpzjLv/N0g==}
    engines: {node: '>= 10'}
    cpu: [arm64]
    os: [android]
    requiresBuild: true
    dev: false
    optional: true

  /@next/swc-darwin-arm64/13.0.0:
    resolution: {integrity: sha512-APA26nps1j4qyhOIzkclW/OmgotVHj1jBxebSpMCPw2rXfiNvKNY9FA0TcuwPmUCNqaTnm703h6oW4dvp73A4Q==}
    engines: {node: '>= 10'}
    cpu: [arm64]
    os: [darwin]
    requiresBuild: true
    dev: false
    optional: true

  /@next/swc-darwin-x64/13.0.0:
    resolution: {integrity: sha512-qsUhUdoFuRJiaJ7LnvTQ6GZv1QnMDcRXCIjxaN0FNVXwrjkq++U7KjBUaxXkRzLV4C7u0NHLNOp0iZwNNE7ypw==}
    engines: {node: '>= 10'}
    cpu: [x64]
    os: [darwin]
    requiresBuild: true
    dev: false
    optional: true

  /@next/swc-freebsd-x64/13.0.0:
    resolution: {integrity: sha512-sCdyCbboS7CwdnevKH9J6hkJI76LUw1jVWt4eV7kISuLiPba3JmehZSWm80oa4ADChRVAwzhLAo2zJaYRrInbg==}
    engines: {node: '>= 10'}
    cpu: [x64]
    os: [freebsd]
    requiresBuild: true
    dev: false
    optional: true

  /@next/swc-linux-arm-gnueabihf/13.0.0:
    resolution: {integrity: sha512-/X/VxfFA41C9jrEv+sUsPLQ5vbDPVIgG0CJrzKvrcc+b+4zIgPgtfsaWq9ockjHFQi3ycvlZK4TALOXO8ovQ6Q==}
    engines: {node: '>= 10'}
    cpu: [arm]
    os: [linux]
    requiresBuild: true
    dev: false
    optional: true

  /@next/swc-linux-arm64-gnu/13.0.0:
    resolution: {integrity: sha512-x6Oxr1GIi0ZtNiT6jbw+JVcbEi3UQgF7mMmkrgfL4mfchOwXtWSHKTSSPnwoJWJfXYa0Vy1n8NElWNTGAqoWFw==}
    engines: {node: '>= 10'}
    cpu: [arm64]
    os: [linux]
    requiresBuild: true
    dev: false
    optional: true

  /@next/swc-linux-arm64-musl/13.0.0:
    resolution: {integrity: sha512-SnMH9ngI+ipGh3kqQ8+mDtWunirwmhQnQeZkEq9e/9Xsgjf04OetqrqRHKM1HmJtG2qMUJbyXFJ0F81TPuT+3g==}
    engines: {node: '>= 10'}
    cpu: [arm64]
    os: [linux]
    requiresBuild: true
    dev: false
    optional: true

  /@next/swc-linux-x64-gnu/13.0.0:
    resolution: {integrity: sha512-VSQwTX9EmdbotArtA1J67X8964oQfe0xHb32x4tu+JqTR+wOHyG6wGzPMdXH2oKAp6rdd7BzqxUXXf0J+ypHlw==}
    engines: {node: '>= 10'}
    cpu: [x64]
    os: [linux]
    requiresBuild: true
    dev: false
    optional: true

  /@next/swc-linux-x64-musl/13.0.0:
    resolution: {integrity: sha512-xBCP0nnpO0q4tsytXkvIwWFINtbFRyVY5gxa1zB0vlFtqYR9lNhrOwH3CBrks3kkeaePOXd611+8sjdUtrLnXA==}
    engines: {node: '>= 10'}
    cpu: [x64]
    os: [linux]
    requiresBuild: true
    dev: false
    optional: true

  /@next/swc-win32-arm64-msvc/13.0.0:
    resolution: {integrity: sha512-NutwDafqhGxqPj/eiUixJq9ImS/0sgx6gqlD7jRndCvQ2Q8AvDdu1+xKcGWGNnhcDsNM/n1avf1e62OG1GaqJg==}
    engines: {node: '>= 10'}
    cpu: [arm64]
    os: [win32]
    requiresBuild: true
    dev: false
    optional: true

  /@next/swc-win32-ia32-msvc/13.0.0:
    resolution: {integrity: sha512-zNaxaO+Kl/xNz02E9QlcVz0pT4MjkXGDLb25qxtAzyJL15aU0+VjjbIZAYWctG59dvggNIUNDWgoBeVTKB9xLg==}
    engines: {node: '>= 10'}
    cpu: [ia32]
    os: [win32]
    requiresBuild: true
    dev: false
    optional: true

  /@next/swc-win32-x64-msvc/13.0.0:
    resolution: {integrity: sha512-FFOGGWwTCRMu9W7MF496Urefxtuo2lttxF1vwS+1rIRsKvuLrWhVaVTj3T8sf2EBL6gtJbmh4TYlizS+obnGKA==}
    engines: {node: '>= 10'}
    cpu: [x64]
    os: [win32]
    requiresBuild: true
    dev: false
    optional: true

  /@swc/helpers/0.4.11:
    resolution: {integrity: sha512-rEUrBSGIoSFuYxwBYtlUFMlE2CwGhmW+w9355/5oduSw8e5h2+Tj4UrAGNNgP9915++wj5vkQo0UuOBqOAq4nw==}
    dependencies:
      tslib: 2.4.0
    dev: false

  /caniuse-lite/1.0.30001426:
    resolution: {integrity: sha512-n7cosrHLl8AWt0wwZw/PJZgUg3lV0gk9LMI7ikGJwhyhgsd2Nb65vKvmSexCqq/J7rbH3mFG6yZZiPR5dLPW5A==}
    dev: false

  /client-only/0.0.1:
    resolution: {integrity: sha512-IV3Ou0jSMzZrd3pZ48nLkT9DA7Ag1pnPzaiQhpW7c3RbcqqzvzzVu+L8gfqMp/8IM2MQtSiqaCxrrcfu8I8rMA==}
    dev: false

  /nanoid/3.3.4:
    resolution: {integrity: sha512-MqBkQh/OHTS2egovRtLk45wEyNXwF+cokD+1YPf9u5VfJiRdAiRwB2froX5Co9Rh20xs4siNPm8naNotSD6RBw==}
    engines: {node: ^10 || ^12 || ^13.7 || ^14 || >=15.0.1}
    hasBin: true
    dev: false

  /next/13.0.0:
    resolution: {integrity: sha512-puH1WGM6rGeFOoFdXXYfUxN9Sgi4LMytCV5HkQJvVUOhHfC1DoVqOfvzaEteyp6P04IW+gbtK2Q9pInVSrltPA==}
    engines: {node: '>=14.6.0'}
    hasBin: true
    peerDependencies:
      fibers: '>= 3.1.0'
      node-sass: ^6.0.0 || ^7.0.0
      react: ^18.0.0-0
      react-dom: ^18.0.0-0
      sass: ^1.3.0
    peerDependenciesMeta:
      fibers:
        optional: true
      node-sass:
        optional: true
      sass:
        optional: true
    dependencies:
      '@next/env': 13.0.0
      '@swc/helpers': 0.4.11
      caniuse-lite: 1.0.30001426
      postcss: 8.4.14
      styled-jsx: 5.1.0
      use-sync-external-store: 1.2.0
    optionalDependencies:
      '@next/swc-android-arm-eabi': 13.0.0
      '@next/swc-android-arm64': 13.0.0
      '@next/swc-darwin-arm64': 13.0.0
      '@next/swc-darwin-x64': 13.0.0
      '@next/swc-freebsd-x64': 13.0.0
      '@next/swc-linux-arm-gnueabihf': 13.0.0
      '@next/swc-linux-arm64-gnu': 13.0.0
      '@next/swc-linux-arm64-musl': 13.0.0
      '@next/swc-linux-x64-gnu': 13.0.0
      '@next/swc-linux-x64-musl': 13.0.0
      '@next/swc-win32-arm64-msvc': 13.0.0
      '@next/swc-win32-ia32-msvc': 13.0.0
      '@next/swc-win32-x64-msvc': 13.0.0
    transitivePeerDependencies:
      - '@babel/core'
      - babel-plugin-macros
    dev: false

  /picocolors/1.0.0:
    resolution: {integrity: sha512-1fygroTLlHu66zi26VoTDv8yRgm0Fccecssto+MhsZ0D/DGW2sm8E8AjW7NU5VVTRt5GxbeZ5qBuJr+HyLYkjQ==}
    dev: false

  /postcss/8.4.14:
    resolution: {integrity: sha512-E398TUmfAYFPBSdzgeieK2Y1+1cpdxJx8yXbK/m57nRhKSmk1GB2tO4lbLBtlkfPQTDKfe4Xqv1ASWPpayPEig==}
    engines: {node: ^10 || ^12 || >=14}
    dependencies:
      nanoid: 3.3.4
      picocolors: 1.0.0
      source-map-js: 1.0.2
    dev: false

  /source-map-js/1.0.2:
    resolution: {integrity: sha512-R0XvVJ9WusLiqTCEiGCmICCMplcCkIwwR11mOSD9CR5u+IXYdiseeEuXCVAjS54zqwkLcPNnmU4OeJ6tUrWhDw==}
    engines: {node: '>=0.10.0'}
    dev: false

  /styled-jsx/5.1.0:
    resolution: {integrity: sha512-/iHaRJt9U7T+5tp6TRelLnqBqiaIT0HsO0+vgyj8hK2KUk7aejFqRrumqPUlAqDwAj8IbS/1hk3IhBAAK/FCUQ==}
    engines: {node: '>= 12.0.0'}
    peerDependencies:
      '@babel/core': '*'
      babel-plugin-macros: '*'
      react: '>= 16.8.0 || 17.x.x || ^18.0.0-0'
    peerDependenciesMeta:
      '@babel/core':
        optional: true
      babel-plugin-macros:
        optional: true
    dependencies:
      client-only: 0.0.1
    dev: false

  /tslib/2.4.0:
    resolution: {integrity: sha512-d6xOpEDfsi2CZVlPQzGeux8XMwLT9hssAsaPYExaQMuYskwb+x1x7J371tWlbBdWHroy99KnVB6qIkUbs5X3UQ==}
    dev: false

  /typescript/4.8.4:
    resolution: {integrity: sha512-QCh+85mCy+h0IGff8r5XWzOVSbBO+KfeYrMQh7NJ58QujwcE22u+NUSmUxqF+un70P9GXKxa2HCNiTTMJknyjQ==}
    engines: {node: '>=4.2.0'}
    hasBin: true
    dev: true

  /use-sync-external-store/1.2.0:
    resolution: {integrity: sha512-eEgnFxGQ1Ife9bzYs6VLi8/4X6CObHMw9Qr9tPY43iKwsPw8xE8+EFsf/2cFZ5S3esXgpWgtSCtLNS41F+sKPA==}
    peerDependencies:
      react: ^16.8.0 || ^17.0.0 || ^18.0.0
    dev: false
