lockfileVersion: '9.0'

settings:
  autoInstallPeers: true
  excludeLinksFromLockfile: false

importers:

  .:
    dependencies:
      is-negative:
        specifier: github:kevva/is-negative#master
        version: https://codeload.github.com/kevva/is-negative/tar.gz/1d7e288222b53a0cab90a331f1865220ec29560c

packages:

  is-negative@https://codeload.github.com/kevva/is-negative/tar.gz/1d7e288222b53a0cab90a331f1865220ec29560c:
    resolution: {tarball: https://codeload.github.com/kevva/is-negative/tar.gz/1d7e288222b53a0cab90a331f1865220ec29560c}
    version: 2.1.0
    engines: {node: '>=0.10.0'}

snapshots:

  is-negative@https://codeload.github.com/kevva/is-negative/tar.gz/1d7e288222b53a0cab90a331f1865220ec29560c:
    dev: false
