lockfileVersion: 5.4

specifiers:
  positive: npm:is-positive@1.0.0

dependencies:
  positive: /is-positive/1.0.0

packages:

  /is-positive/1.0.0:
    resolution: {integrity: sha512-xxzPGZ4P2uN6rROUa5N9Z7zTX6ERuE0hs6GUOc/cKBLF2NqKc16UwqHMt3tFg4CO6EBTE5UecUasg+3jZx3Ckg==}
    engines: {node: '>=0.10.0'}
    dev: false
