dependencies:
  pkg-with-optional: 1.0.0
lockfileVersion: 5.1
packages:
  /dep-of-optional-pkg/1.0.0:
    dev: false
    optional: true
    resolution:
      integrity: sha512-tjuG0SSHFpKfpCtJWdc5OHa1N79sigKT7QQPuweVHKljKZivDKbYj7WNasweHROUm99ui+8eX95a5Q90v2mbyQ==
  /not-compatible-with-any-os/1.0.0:
    dependencies:
      dep-of-optional-pkg: 1.0.0
    dev: false
    optional: true
    os:
      - this-os-does-not-exist
    resolution:
      integrity: sha512-nmRtxRbdUBglmxurx7soaPoZXcGW5v5yPgVev4g462E2FaAX2mxGTjgn5oKLYV95h85ZW4HHiil3D0OjzBWnOQ==
  /pkg-with-optional/1.0.0:
    dev: false
    optionalDependencies:
      not-compatible-with-any-os: 1.0.0
    resolution:
      integrity: sha512-7AWJ2Klh/yO1j5Gm0I1z67Wfc7nRm5gjT/y8WMGzWi2CaByepwP00VAbs1QHJtmiccGT0UEC8Oz2So+lCjHdvA==
specifiers:
  pkg-with-optional: 1.0.0
