lockfileVersion: 5.3

specifiers:
  pkg-with-optional: 1.0.0

dependencies:
  pkg-with-optional: 1.0.0

packages:

  /dep-of-optional-pkg/1.0.0:
    resolution: {integrity: sha512-fsFDBo/KrUZ9ljybu85d3mkr17LoTh3zV9TLncEddZkJ9GD9ql0ZVdftdAlsS46LdfeNKgte/2erZ8euekhWKQ==}
    dev: false
    optional: true

  /not-compatible-with-any-os/1.0.0:
    resolution: {integrity: sha512-vTrzbhOeYAAhfduz8iCEmTC+512IDxBAaDLl3C6d3S+KOIKhSInhQbaTO3di+h7NND/2YpGUG4WmgGvAhzAcrA==}
    os: [this-os-does-not-exist]
    requiresBuild: true
    dependencies:
      dep-of-optional-pkg: 1.0.0
    dev: false
    optional: true

  /pkg-with-optional/1.0.0:
    resolution: {integrity: sha512-gGOtjrYcYG9FHYHHzaerrVwi5bRmPwrjYlm89lqr4j4HgtYNPXUN8skpzHjKvntregnF3K9dn0z2XxMQrLtydA==}
    optionalDependencies:
      not-compatible-with-any-os: 1.0.0
    dev: false
