dependencies:
  symlink-dir: 2.0.2
lockfileVersion: 5.1
packages:
  /@types/mz/0.0.32:
    dependencies:
      '@types/node': 10.12.9
    dev: false
    resolution:
      integrity: sha512-cy3yebKhrHuOcrJGkfwNHhpTXQLgmXSv1BX+4p32j+VUQ6aP2eJ5cL7OvGcAQx75fCTFaAIIAKewvqL+iwSd4g==
  /@types/node/10.12.9:
    dev: false
    resolution:
      integrity: sha512-eajkMXG812/w3w4a1OcBlaTwsFPO5F7fJ/amy+tieQxEMWBlbV1JGSjkFM+zkHNf81Cad+dfIRA+IBkvmvdAeA==
  /any-promise/1.3.0:
    dev: false
    resolution:
      integrity: sha1-q8av7tzqUugJzcA3au0845Y10X8=
  /balanced-match/1.0.0:
    dev: false
    resolution:
      integrity: sha1-ibTRmasr7kneFk6gK4nORi1xt2c=
  /brace-expansion/1.1.11:
    dependencies:
      balanced-match: 1.0.0
      concat-map: 0.0.1
    dev: false
    resolution:
      integrity: sha512-iCuPHDFgrHX7H2vEI/5xpz07zSHB00TpugqhmYtVmMO6518mCuRMoOYFldEBl0g187ufozdaHgWKcYFb61qGiA==
  /concat-map/0.0.1:
    dev: false
    resolution:
      integrity: sha1-2Klr13/Wjfd5OnMDajug1UBdR3s=
  /define-properties/1.1.3:
    dependencies:
      object-keys: 1.0.12
    dev: false
    engines:
      node: '>= 0.4'
    resolution:
      integrity: sha512-3MqfYKj2lLzdMSf8ZIZE/V+Zuy+BgD6f164e8K2w7dgnpKArBDerGYpM46IYYcjnkdPNMjPk9A6VFB8+3SKlXQ==
  /es-abstract/1.12.0:
    dependencies:
      es-to-primitive: 1.2.0
      function-bind: 1.1.1
      has: 1.0.3
      is-callable: 1.1.4
      is-regex: 1.0.4
    dev: false
    engines:
      node: '>= 0.4'
    resolution:
      integrity: sha512-C8Fx/0jFmV5IPoMOFPA9P9G5NtqW+4cOPit3MIuvR2t7Ag2K15EJTpxnHAYTzL+aYQJIESYeXZmDBfOBE1HcpA==
  /es-to-primitive/1.2.0:
    dependencies:
      is-callable: 1.1.4
      is-date-object: 1.0.1
      is-symbol: 1.0.2
    dev: false
    engines:
      node: '>= 0.4'
    resolution:
      integrity: sha512-qZryBOJjV//LaxLTV6UC//WewneB3LcXOL9NP++ozKVXsIIIpm/2c13UDiD9Jp2eThsecw9m3jPqDwTyobcdbg==
  /fs.realpath/1.0.0:
    dev: false
    resolution:
      integrity: sha1-FQStJSMVjKpA20onh8sBQRmU6k8=
  /function-bind/1.1.1:
    dev: false
    resolution:
      integrity: sha512-yIovAzMX49sF8Yl58fSCWJ5svSLuaibPxXQJFLmBObTuCr0Mf1KiPopGM9NiFjiYBCbfaa2Fh6breQ6ANVTI0A==
  /glob/7.1.3:
    dependencies:
      fs.realpath: 1.0.0
      inflight: 1.0.6
      inherits: 2.0.3
      minimatch: 3.0.4
      once: 1.4.0
      path-is-absolute: 1.0.1
    dev: false
    resolution:
      integrity: sha512-vcfuiIxogLV4DlGBHIUOwI0IbrJ8HWPc4MU7HzviGeNho/UJDfi6B5p3sHeWIQ0KGIU0Jpxi5ZHxemQfLkkAwQ==
  /graceful-fs/4.1.15:
    dev: false
    resolution:
      integrity: sha512-6uHUhOPEBgQ24HM+r6b/QwWfZq+yiFcipKFrOFiBEnWdy5sdzYoi+pJeQaPI5qOLRFqWmAXUPQNsielzdLoecA==
  /has-symbols/1.0.0:
    dev: false
    engines:
      node: '>= 0.4'
    resolution:
      integrity: sha1-uhqPGvKg/DllD1yFA2dwQSIGO0Q=
  /has/1.0.3:
    dependencies:
      function-bind: 1.1.1
    dev: false
    engines:
      node: '>= 0.4.0'
    resolution:
      integrity: sha512-f2dvO0VU6Oej7RkWJGrehjbzMAjFp5/VKPp5tTpWIV4JHHZK1/BxbFRtf/siA2SWTe09caDmVtYYzWEIbBS4zw==
  /inflight/1.0.6:
    dependencies:
      once: 1.4.0
      wrappy: 1.0.2
    dev: false
    resolution:
      integrity: sha1-Sb1jMdfQLQwJvJEKEHW6gWW1bfk=
  /inherits/2.0.3:
    dev: false
    resolution:
      integrity: sha1-Yzwsg+PaQqUC9SRmAiSA9CCCYd4=
  /is-callable/1.1.4:
    dev: false
    engines:
      node: '>= 0.4'
    resolution:
      integrity: sha512-r5p9sxJjYnArLjObpjA4xu5EKI3CuKHkJXMhT7kwbpUyIFD1n5PMAsoPvWnvtZiNz7LjkYDRZhd7FlI0eMijEA==
  /is-date-object/1.0.1:
    dev: false
    engines:
      node: '>= 0.4'
    resolution:
      integrity: sha1-mqIOtq7rv/d/vTPnTKAbM1gdOhY=
  /is-regex/1.0.4:
    dependencies:
      has: 1.0.3
    dev: false
    engines:
      node: '>= 0.4'
    resolution:
      integrity: sha1-VRdIm1RwkbCTDglWVM7SXul+lJE=
  /is-symbol/1.0.2:
    dependencies:
      has-symbols: 1.0.0
    dev: false
    engines:
      node: '>= 0.4'
    resolution:
      integrity: sha512-HS8bZ9ox60yCJLH9snBpIwv9pYUAkcuLhSA1oero1UB5y9aiQpRA8y2ex945AOtCZL1lJDeIk3G5LthswI46Lw==
  /is-windows/1.0.2:
    dev: false
    engines:
      node: '>=0.10.0'
    resolution:
      integrity: sha512-eXK1UInq2bPmjyX6e3VHIzMLobc4J94i4AWn+Hpq3OU5KkrRC96OAcR3PRJ/pGu6m8TRnBHP9dkXQVsT/COVIA==
  /minimatch/3.0.4:
    dependencies:
      brace-expansion: 1.1.11
    dev: false
    resolution:
      integrity: sha512-yJHVQEhyqPLUTgt9B83PXu6W3rx4MvvHvSUvToogpwoGDOUQ+yDrR0HRot+yOCdCO7u4hX3pWft6kWBBcqh0UA==
  /minimist/0.0.8:
    dev: false
    resolution:
      integrity: sha1-hX/Kv8M5fSYluCKCYuhqp6ARsF0=
  /mkdirp-promise/5.0.1:
    dependencies:
      mkdirp: 0.5.1
    dev: false
    engines:
      node: '>=4'
    resolution:
      integrity: sha1-6bj2jlUsaKnBcTuEiD96HdA5uKE=
  /mkdirp/0.5.1:
    dependencies:
      minimist: 0.0.8
    dev: false
    hasBin: true
    resolution:
      integrity: sha1-MAV0OOrGz3+MR2fzhkjWaX11yQM=
  /mz/2.7.0:
    dependencies:
      any-promise: 1.3.0
      object-assign: 4.1.1
      thenify-all: 1.6.0
    dev: false
    resolution:
      integrity: sha512-z81GNO7nnYMEhrGh9LeymoE4+Yr0Wn5McHIZMK5cfQCl+NDX08sCZgUc9/6MHni9IWuFLm1Z3HTCXu2z9fN62Q==
  /object-assign/4.1.1:
    dev: false
    engines:
      node: '>=0.10.0'
    resolution:
      integrity: sha1-IQmtx5ZYh8/AXLvUQsrIv7s2CGM=
  /object-keys/1.0.12:
    dev: false
    engines:
      node: '>= 0.4'
    resolution:
      integrity: sha512-FTMyFUm2wBcGHnH2eXmz7tC6IwlqQZ6mVZ+6dm6vZ4IQIHjs6FdNsQBuKGPuUUUY6NfJw2PshC08Tn6LzLDOag==
  /object.getownpropertydescriptors/2.0.3:
    dependencies:
      define-properties: 1.1.3
      es-abstract: 1.12.0
    dev: false
    engines:
      node: '>= 0.8'
    resolution:
      integrity: sha1-h1jIRvW0B62rDyNuCYbxSwUcqhY=
  /once/1.4.0:
    dependencies:
      wrappy: 1.0.2
    dev: false
    resolution:
      integrity: sha1-WDsap3WWHUsROsF9nFC6753Xa9E=
  /path-is-absolute/1.0.1:
    dev: false
    engines:
      node: '>=0.10.0'
    resolution:
      integrity: sha1-F0uSaHNVNP+8es5r9TpanhtcX18=
  /rename-overwrite/1.0.3:
    dependencies:
      graceful-fs: 4.1.15
      rimraf: 2.6.2
      util.promisify: 1.0.0
    dev: false
    engines:
      node: '>=4'
    resolution:
      integrity: sha512-hehcDzwprE09J1NkKbL8IEqKDB1g8yF0xKZcBN7uzGQKYfiHgY7pmQ66H7BzDeMcvfHDixPxDr4cDIAnVWYIeA==
  /rimraf/2.6.2:
    dependencies:
      glob: 7.1.3
    dev: false
    hasBin: true
    resolution:
      integrity: sha512-lreewLK/BlghmxtfH36YYVg1i8IAce4TI7oao75I1g245+6BctqTVQiBP3YUJ9C6DQOXJmkYR9X9fCLtCOJc5w==
  /symlink-dir/2.0.2:
    dependencies:
      '@types/mz': 0.0.32
      '@types/node': 10.12.9
      graceful-fs: 4.1.15
      is-windows: 1.0.2
      mkdirp-promise: 5.0.1
      mz: 2.7.0
      rename-overwrite: 1.0.3
    dev: false
    engines:
      node: '>=6'
    hasBin: true
    resolution:
      integrity: sha512-jMqXkCcBVvpdyJKt8BLCp7FVIywe4sfEOL6Ugm1LpUGiwJzdj9q3ld/ECYV+seT/ly6duG0koT6d6jZbcSQ9mg==
  /thenify-all/1.6.0:
    dependencies:
      thenify: 3.3.0
    dev: false
    engines:
      node: '>=0.8'
    resolution:
      integrity: sha1-GhkY1ALY/D+Y+/I02wvMjMEOlyY=
  /thenify/3.3.0:
    dependencies:
      any-promise: 1.3.0
    dev: false
    resolution:
      integrity: sha1-5p44obq+lpsBCCB5eLn2K4hgSDk=
  /util.promisify/1.0.0:
    dependencies:
      define-properties: 1.1.3
      object.getownpropertydescriptors: 2.0.3
    dev: false
    resolution:
      integrity: sha512-i+6qA2MPhvoKLuxnJNpXAGhg7HphQOSUq2LKMZD0m15EiskXUkMvKdF4Uui0WYeCUGea+o2cw/ZuwehtfsrNkA==
  /wrappy/1.0.2:
    dev: false
    resolution:
      integrity: sha1-tSQ9jz7BqjXxNkYFvA0QNuMKtp8=
specifiers:
  symlink-dir: 2.0.2
