lockfileVersion: 5.3

specifiers:
  pre-and-postinstall-scripts-example: 1.0.0

dependencies:
  pre-and-postinstall-scripts-example: 1.0.0

packages:

  /hello-world-js-bin/1.0.0:
    resolution: {integrity: sha512-g9DaVvwKClJZUDrsYc7DRhvwMuGLzWlKOJlrHWZz5qiT/RdE1jdT+7Fh1T5XNKW7Oa/pbyxHNz7fK1+vLXe/3w==}
    hasBin: true
    dev: false

  /pre-and-postinstall-scripts-example/1.0.0:
    resolution: {integrity: sha512-LiigIO18SIBX0gjNcFRC4nU1L8+Ioysy0NMSZoMIy4fbOm35FxzpDVAcPeFisqbdXPYu166MdlMvla36ySS5qA==}
    requiresBuild: true
    dependencies:
      hello-world-js-bin: 1.0.0
    dev: false
