dependencies:
  runas: 3.1.1
lockfileVersion: 5.1
packages:
  /nan/2.14.0:
    dev: false
    resolution:
      integrity: sha512-INOFj37C7k3AfaNTtX8RhsTw7qRy7eLET14cROi9+5HAVbbHuIWUHEauBv5qT4Av2tWasiTY1Jw6puUNqRJXQg==
  /runas/3.1.1:
    dependencies:
      nan: 2.14.0
    dev: false
    requiresBuild: true
    resolution:
      integrity: sha1-Ut1TjbDkF0U5lTWjRwkbpFzA6rA=
specifiers:
  runas: ^3.1.1
