lockfileVersion: 5.3

specifiers:
  is-positive: 1.0.0
  pkg-with-good-optional: '*'

dependencies:
  pkg-with-good-optional: 1.0.0

optionalDependencies:
  is-positive: 1.0.0

packages:

  /dep-of-pkg-with-1-dep/101.0.0:
    resolution: {integrity: sha512-t0/gFM29VnZhyyDu0ay/u42e8tPi2lkJtdbBXdUujfFFeXxvSJXISpddbVRwjNkKSX6fUROMek29b9b+MqYDxA==}
    dev: false

  /is-positive/1.0.0:
    resolution: {integrity: sha1-iACYVrZKLx632LsBeUGEJK4EUss=}
    engines: {node: '>=0.10.0'}
    dev: false
    optional: true

  /pkg-with-good-optional/1.0.0:
    resolution: {integrity: sha512-wDCpH6PTS5BCNi3ugdM0xzVYNEeKcl8o5Zm+FxQuNU4WJsTCrRrPXN9r8T4UNT+kgIZzIY5bx8rcPlAzYYWOXw==}
    dependencies:
      dep-of-pkg-with-1-dep: 101.0.0
    optionalDependencies:
      is-positive: 1.0.0
    dev: false
