importers:
  pkg:
    dependencies:
      is-negative: 1.1.0
      is-positive: 3.1.0
    specifiers:
      is-negative: ^1.1.0
      is-positive: ^3.1.0
lockfileVersion: 5
packages:
  /is-negative/1.1.0:
    resolution:
      integrity: sha1-8Nhjd6oVpkw0lh84rCqb4rQKEYc=
  /is-positive/3.1.0:
    resolution:
      integrity: sha1-hX21hKG6XRyymAUn/DtsQ103sP0=
