lockfileVersion: 5.3

specifiers:
  json-append: 1.1.1
  pre-and-postinstall-scripts-example: '*'

dependencies:
  json-append: 1.1.1
  pre-and-postinstall-scripts-example: 1.0.0

packages:

  /buffer-from/1.1.1:
    resolution: {integrity: sha512-MQcXEUbCKtEo7bhqEs6560Hyd4XaovZlO/k9V3hjVUF/zwW7KBVdSK4gIt/bzwS9MbR5qob+F5jusZsb0YQK2A==}
    dev: false

  /concat-stream/1.6.2:
    resolution: {integrity: sha512-27HBghJxjiZtIk3Ycvn/4kbJk/1uZuJFfuPEns6LaEvpvG1f0hTea8lilrouyo9mVc2GWdcEZ8OLoGmSADlrCw==}
    engines: {'0': node >= 0.8}
    dependencies:
      buffer-from: 1.1.1
      inherits: 2.0.4
      readable-stream: 2.3.7
      typedarray: 0.0.6
    dev: false

  /core-util-is/1.0.2:
    resolution: {integrity: sha1-tf1UIgqivFq1eqtxQMlAdUUDwac=}
    dev: false

  /hello-world-js-bin/1.0.0:
    resolution: {integrity: sha512-/ENgcDSnEOz7y99zf3U9IrvQ0WQL+Ddr5Z3nqrrBkr6jaFFu7ujJye0Ne1/4lziovy6UiXMbjVp6vv6P7etKSA==}
    hasBin: true
    dev: false

  /inherits/2.0.4:
    resolution: {integrity: sha512-k/vGaX4/Yla3WzyMCvTQOXYeIHvqOKtnqBduzTHpzpQZzAskKMhZ2K+EnBiSM9zGSoIFeMpXKxa4dYeZIQqewQ==}
    dev: false

  /isarray/1.0.0:
    resolution: {integrity: sha1-u5NdSFgsuhaMBoNJV6VKPgcSTxE=}
    dev: false

  /json-append/1.1.1:
    resolution: {integrity: sha1-Pnu6YqBHvzHJjexDGaU5uyhrsQQ=}
    hasBin: true
    dependencies:
      concat-stream: 1.6.2
    dev: false

  /pre-and-postinstall-scripts-example/1.0.0:
    resolution: {integrity: sha512-QMYnPbJobj8I5pAfGqEM+ziAh/z0XognGIesBFQUrGADlyOWF19UfIFLrRP8Ty7vNRzvD8Z5iLxOcda9HleVVQ==}
    requiresBuild: true
    dependencies:
      hello-world-js-bin: 1.0.0
    dev: false

  /process-nextick-args/2.0.1:
    resolution: {integrity: sha512-3ouUOpQhtgrbOa17J7+uxOTpITYWaGP7/AhoR3+A+/1e9skrzelGi/dXzEYyvbxubEF6Wn2ypscTKiKJFFn1ag==}
    dev: false

  /readable-stream/2.3.7:
    resolution: {integrity: sha512-Ebho8K4jIbHAxnuxi7o42OrZgF/ZTNcsZj6nRKyUmkhLFq8CHItp/fy6hQZuZmP/n3yZ9VBUbp4zz/mX8hmYPw==}
    dependencies:
      core-util-is: 1.0.2
      inherits: 2.0.4
      isarray: 1.0.0
      process-nextick-args: 2.0.1
      safe-buffer: 5.1.2
      string_decoder: 1.1.1
      util-deprecate: 1.0.2
    dev: false

  /safe-buffer/5.1.2:
    resolution: {integrity: sha512-Gd2UZBJDkXlY7GbJxfsE8/nvKkUEU1G38c1siN6QP6a9PT9MmHB8GnpscSmMJSoF8LOIrt8ud/wPtojys4G6+g==}
    dev: false

  /string_decoder/1.1.1:
    resolution: {integrity: sha512-n/ShnvDi6FHbbVfviro+WojiFzv+s8MPMHBczVePfUpDJLwoLT0ht1l4YwBCbi8pJAveEEdnkHyPyTP/mzRfwg==}
    dependencies:
      safe-buffer: 5.1.2
    dev: false

  /typedarray/0.0.6:
    resolution: {integrity: sha1-hnrHTjhkGHsdPUfZlqeOxciDB3c=}
    dev: false

  /util-deprecate/1.0.2:
    resolution: {integrity: sha1-RQ1Nyfpw3nMnYvvS1KKJgUGaDM8=}
    dev: false
