dependencies:
  json-append: 1.1.1
  pre-and-postinstall-scripts-example: 1.0.0
lockfileVersion: 5.1
packages:
  /buffer-from/1.1.1:
    dev: false
    resolution:
      integrity: sha512-MQcXEUbCKtEo7bhqEs6560Hyd4XaovZlO/k9V3hjVUF/zwW7KBVdSK4gIt/bzwS9MbR5qob+F5jusZsb0YQK2A==
  /concat-stream/1.6.2:
    dependencies:
      buffer-from: 1.1.1
      inherits: 2.0.4
      readable-stream: 2.3.7
      typedarray: 0.0.6
    dev: false
    engines:
      '0': node >= 0.8
    resolution:
      integrity: sha512-27HBghJxjiZtIk3Ycvn/4kbJk/1uZuJFfuPEns6LaEvpvG1f0hTea8lilrouyo9mVc2GWdcEZ8OLoGmSADlrCw==
  /core-util-is/1.0.2:
    dev: false
    resolution:
      integrity: sha1-tf1UIgqivFq1eqtxQMlAdUUDwac=
  /hello-world-js-bin/1.0.0:
    dev: false
    hasBin: true
    resolution:
      integrity: sha512-/ENgcDSnEOz7y99zf3U9IrvQ0WQL+Ddr5Z3nqrrBkr6jaFFu7ujJye0Ne1/4lziovy6UiXMbjVp6vv6P7etKSA==
  /inherits/2.0.4:
    dev: false
    resolution:
      integrity: sha512-k/vGaX4/Yla3WzyMCvTQOXYeIHvqOKtnqBduzTHpzpQZzAskKMhZ2K+EnBiSM9zGSoIFeMpXKxa4dYeZIQqewQ==
  /isarray/1.0.0:
    dev: false
    resolution:
      integrity: sha1-u5NdSFgsuhaMBoNJV6VKPgcSTxE=
  /json-append/1.1.1:
    dependencies:
      concat-stream: 1.6.2
    dev: false
    hasBin: true
    resolution:
      integrity: sha1-Pnu6YqBHvzHJjexDGaU5uyhrsQQ=
  /pre-and-postinstall-scripts-example/1.0.0:
    dependencies:
      hello-world-js-bin: 1.0.0
    dev: false
    requiresBuild: true
    resolution:
      integrity: sha512-QMYnPbJobj8I5pAfGqEM+ziAh/z0XognGIesBFQUrGADlyOWF19UfIFLrRP8Ty7vNRzvD8Z5iLxOcda9HleVVQ==
  /process-nextick-args/2.0.1:
    dev: false
    resolution:
      integrity: sha512-3ouUOpQhtgrbOa17J7+uxOTpITYWaGP7/AhoR3+A+/1e9skrzelGi/dXzEYyvbxubEF6Wn2ypscTKiKJFFn1ag==
  /readable-stream/2.3.7:
    dependencies:
      core-util-is: 1.0.2
      inherits: 2.0.4
      isarray: 1.0.0
      process-nextick-args: 2.0.1
      safe-buffer: 5.1.2
      string_decoder: 1.1.1
      util-deprecate: 1.0.2
    dev: false
    resolution:
      integrity: sha512-Ebho8K4jIbHAxnuxi7o42OrZgF/ZTNcsZj6nRKyUmkhLFq8CHItp/fy6hQZuZmP/n3yZ9VBUbp4zz/mX8hmYPw==
  /safe-buffer/5.1.2:
    dev: false
    resolution:
      integrity: sha512-Gd2UZBJDkXlY7GbJxfsE8/nvKkUEU1G38c1siN6QP6a9PT9MmHB8GnpscSmMJSoF8LOIrt8ud/wPtojys4G6+g==
  /string_decoder/1.1.1:
    dependencies:
      safe-buffer: 5.1.2
    dev: false
    resolution:
      integrity: sha512-n/ShnvDi6FHbbVfviro+WojiFzv+s8MPMHBczVePfUpDJLwoLT0ht1l4YwBCbi8pJAveEEdnkHyPyTP/mzRfwg==
  /typedarray/0.0.6:
    dev: false
    resolution:
      integrity: sha1-hnrHTjhkGHsdPUfZlqeOxciDB3c=
  /util-deprecate/1.0.2:
    dev: false
    resolution:
      integrity: sha1-RQ1Nyfpw3nMnYvvS1KKJgUGaDM8=
specifiers:
  json-append: 1.1.1
  pre-and-postinstall-scripts-example: '*'
